// !$*UTF8*$!
{
	archiveVersion = 1;
	classes = {
	};
	objectVersion = 50;
	objects = {

/* Begin PBXBuildFile section */
		9376AAF1220BB5B30034EAD0 /* Main.storyboard in Resources */ = {isa = PBXBuildFile; fileRef = F750672C21D11C1F00576499 /* Main.storyboard */; };
		F750672921D11C1F00576499 /* AppDelegate.swift in Sources */ = {isa = PBXBuildFile; fileRef = F750672821D11C1F00576499 /* AppDelegate.swift */; };
		F750672B21D11C1F00576499 /* SignInViewController.swift in Sources */ = {isa = PBXBuildFile; fileRef = F750672A21D11C1F00576499 /* SignInViewController.swift */; };
		F750673021D11C2000576499 /* Assets.xcassets in Resources */ = {isa = PBXBuildFile; fileRef = F750672F21D11C2000576499 /* Assets.xcassets */; };
		F750673321D11C2000576499 /* LaunchScreen.storyboard in Resources */ = {isa = PBXBuildFile; fileRef = F750673121D11C2000576499 /* LaunchScreen.storyboard */; };
		F750673E21D11C2000576499 /* SenekaTests.swift in Sources */ = {isa = PBXBuildFile; fileRef = F750673D21D11C2000576499 /* SenekaTests.swift */; };
		F750674921D11C2000576499 /* SenekaUITests.swift in Sources */ = {isa = PBXBuildFile; fileRef = F750674821D11C2000576499 /* SenekaUITests.swift */; };
		F750675921D6C2A800576499 /* LogInViewController.swift in Sources */ = {isa = PBXBuildFile; fileRef = F750675821D6C2A800576499 /* LogInViewController.swift */; };
/* End PBXBuildFile section */

/* Begin PBXContainerItemProxy section */
		F750673A21D11C2000576499 /* PBXContainerItemProxy */ = {
			isa = PBXContainerItemProxy;
			containerPortal = F750671D21D11C1F00576499 /* Project object */;
			proxyType = 1;
			remoteGlobalIDString = F750672421D11C1F00576499;
			remoteInfo = Seneka;
		};
		F750674521D11C2000576499 /* PBXContainerItemProxy */ = {
			isa = PBXContainerItemProxy;
			containerPortal = F750671D21D11C1F00576499 /* Project object */;
			proxyType = 1;
			remoteGlobalIDString = F750672421D11C1F00576499;
			remoteInfo = Seneka;
		};
/* End PBXContainerItemProxy section */

/* Begin PBXFileReference section */
		F750672521D11C1F00576499 /* Seneka.app */ = {isa = PBXFileReference; explicitFileType = wrapper.application; includeInIndex = 0; path = Seneka.app; sourceTree = BUILT_PRODUCTS_DIR; };
		F750672821D11C1F00576499 /* AppDelegate.swift */ = {isa = PBXFileReference; lastKnownFileType = sourcecode.swift; path = AppDelegate.swift; sourceTree = "<group>"; };
		F750672A21D11C1F00576499 /* SignInViewController.swift */ = {isa = PBXFileReference; lastKnownFileType = sourcecode.swift; path = SignInViewController.swift; sourceTree = "<group>"; };
		F750672D21D11C1F00576499 /* Base */ = {isa = PBXFileReference; lastKnownFileType = file.storyboard; name = Base; path = Base.lproj/Main.storyboard; sourceTree = "<group>"; };
		F750672F21D11C2000576499 /* Assets.xcassets */ = {isa = PBXFileReference; lastKnownFileType = folder.assetcatalog; path = Assets.xcassets; sourceTree = "<group>"; };
		F750673221D11C2000576499 /* Base */ = {isa = PBXFileReference; lastKnownFileType = file.storyboard; name = Base; path = Base.lproj/LaunchScreen.storyboard; sourceTree = "<group>"; };
		F750673421D11C2000576499 /* Info.plist */ = {isa = PBXFileReference; lastKnownFileType = text.plist.xml; path = Info.plist; sourceTree = "<group>"; };
		F750673921D11C2000576499 /* SenekaTests.xctest */ = {isa = PBXFileReference; explicitFileType = wrapper.cfbundle; includeInIndex = 0; path = SenekaTests.xctest; sourceTree = BUILT_PRODUCTS_DIR; };
		F750673D21D11C2000576499 /* SenekaTests.swift */ = {isa = PBXFileReference; lastKnownFileType = sourcecode.swift; path = SenekaTests.swift; sourceTree = "<group>"; };
		F750673F21D11C2000576499 /* Info.plist */ = {isa = PBXFileReference; lastKnownFileType = text.plist.xml; path = Info.plist; sourceTree = "<group>"; };
		F750674421D11C2000576499 /* SenekaUITests.xctest */ = {isa = PBXFileReference; explicitFileType = wrapper.cfbundle; includeInIndex = 0; path = SenekaUITests.xctest; sourceTree = BUILT_PRODUCTS_DIR; };
		F750674821D11C2000576499 /* SenekaUITests.swift */ = {isa = PBXFileReference; lastKnownFileType = sourcecode.swift; path = SenekaUITests.swift; sourceTree = "<group>"; };
		F750674A21D11C2000576499 /* Info.plist */ = {isa = PBXFileReference; lastKnownFileType = text.plist.xml; path = Info.plist; sourceTree = "<group>"; };
		F750675821D6C2A800576499 /* LogInViewController.swift */ = {isa = PBXFileReference; lastKnownFileType = sourcecode.swift; path = LogInViewController.swift; sourceTree = "<group>"; };
/* End PBXFileReference section */

/* Begin PBXFrameworksBuildPhase section */
		F750672221D11C1F00576499 /* Frameworks */ = {
			isa = PBXFrameworksBuildPhase;
			buildActionMask = 2147483647;
			files = (
			);
			runOnlyForDeploymentPostprocessing = 0;
		};
		F750673621D11C2000576499 /* Frameworks */ = {
			isa = PBXFrameworksBuildPhase;
			buildActionMask = 2147483647;
			files = (
			);
			runOnlyForDeploymentPostprocessing = 0;
		};
		F750674121D11C2000576499 /* Frameworks */ = {
			isa = PBXFrameworksBuildPhase;
			buildActionMask = 2147483647;
			files = (
			);
			runOnlyForDeploymentPostprocessing = 0;
		};
/* End PBXFrameworksBuildPhase section */

/* Begin PBXGroup section */
		F750671C21D11C1F00576499 = {
			isa = PBXGroup;
			children = (
				F750672721D11C1F00576499 /* Seneka */,
				F750673C21D11C2000576499 /* SenekaTests */,
				F750674721D11C2000576499 /* SenekaUITests */,
				F750672621D11C1F00576499 /* Products */,
			);
			sourceTree = "<group>";
		};
		F750672621D11C1F00576499 /* Products */ = {
			isa = PBXGroup;
			children = (
				F750672521D11C1F00576499 /* Seneka.app */,
				F750673921D11C2000576499 /* SenekaTests.xctest */,
				F750674421D11C2000576499 /* SenekaUITests.xctest */,
			);
			name = Products;
			sourceTree = "<group>";
		};
		F750672721D11C1F00576499 /* Seneka */ = {
			isa = PBXGroup;
			children = (
				F750672821D11C1F00576499 /* AppDelegate.swift */,
				F750672A21D11C1F00576499 /* SignInViewController.swift */,
				F750672C21D11C1F00576499 /* Main.storyboard */,
				F750672F21D11C2000576499 /* Assets.xcassets */,
				F750673121D11C2000576499 /* LaunchScreen.storyboard */,
				F750673421D11C2000576499 /* Info.plist */,
				F750675821D6C2A800576499 /* LogInViewController.swift */,
			);
			path = Seneka;
			sourceTree = "<group>";
		};
		F750673C21D11C2000576499 /* SenekaTests */ = {
			isa = PBXGroup;
			children = (
				F750673D21D11C2000576499 /* SenekaTests.swift */,
				F750673F21D11C2000576499 /* Info.plist */,
			);
			path = SenekaTests;
			sourceTree = "<group>";
		};
		F750674721D11C2000576499 /* SenekaUITests */ = {
			isa = PBXGroup;
			children = (
				F750674821D11C2000576499 /* SenekaUITests.swift */,
				F750674A21D11C2000576499 /* Info.plist */,
			);
			path = SenekaUITests;
			sourceTree = "<group>";
		};
/* End PBXGroup section */

/* Begin PBXNativeTarget section */
		F750672421D11C1F00576499 /* Seneka */ = {
			isa = PBXNativeTarget;
			buildConfigurationList = F750674D21D11C2000576499 /* Build configuration list for PBXNativeTarget "Seneka" */;
			buildPhases = (
				F750672121D11C1F00576499 /* Sources */,
				F750672221D11C1F00576499 /* Frameworks */,
				F750672321D11C1F00576499 /* Resources */,
			);
			buildRules = (
			);
			dependencies = (
			);
			name = Seneka;
			productName = Seneka;
			productReference = F750672521D11C1F00576499 /* Seneka.app */;
			productType = "com.apple.product-type.application";
		};
		F750673821D11C2000576499 /* SenekaTests */ = {
			isa = PBXNativeTarget;
			buildConfigurationList = F750675021D11C2000576499 /* Build configuration list for PBXNativeTarget "SenekaTests" */;
			buildPhases = (
				F750673521D11C2000576499 /* Sources */,
				F750673621D11C2000576499 /* Frameworks */,
				F750673721D11C2000576499 /* Resources */,
			);
			buildRules = (
			);
			dependencies = (
				F750673B21D11C2000576499 /* PBXTargetDependency */,
			);
			name = SenekaTests;
			productName = SenekaTests;
			productReference = F750673921D11C2000576499 /* SenekaTests.xctest */;
			productType = "com.apple.product-type.bundle.unit-test";
		};
		F750674321D11C2000576499 /* SenekaUITests */ = {
			isa = PBXNativeTarget;
			buildConfigurationList = F750675321D11C2000576499 /* Build configuration list for PBXNativeTarget "SenekaUITests" */;
			buildPhases = (
				F750674021D11C2000576499 /* Sources */,
				F750674121D11C2000576499 /* Frameworks */,
				F750674221D11C2000576499 /* Resources */,
			);
			buildRules = (
			);
			dependencies = (
				F750674621D11C2000576499 /* PBXTargetDependency */,
			);
			name = SenekaUITests;
			productName = SenekaUITests;
			productReference = F750674421D11C2000576499 /* SenekaUITests.xctest */;
			productType = "com.apple.product-type.bundle.ui-testing";
		};
/* End PBXNativeTarget section */

/* Begin PBXProject section */
		F750671D21D11C1F00576499 /* Project object */ = {
			isa = PBXProject;
			attributes = {
				LastSwiftUpdateCheck = 1010;
				LastUpgradeCheck = 1010;
				ORGANIZATIONNAME = "Seneka Inc.";
				TargetAttributes = {
					F750672421D11C1F00576499 = {
						CreatedOnToolsVersion = 10.1;
					};
					F750673821D11C2000576499 = {
						CreatedOnToolsVersion = 10.1;
						TestTargetID = F750672421D11C1F00576499;
					};
					F750674321D11C2000576499 = {
						CreatedOnToolsVersion = 10.1;
						TestTargetID = F750672421D11C1F00576499;
					};
				};
			};
			buildConfigurationList = F750672021D11C1F00576499 /* Build configuration list for PBXProject "Seneka" */;
			compatibilityVersion = "Xcode 9.3";
			developmentRegion = en;
			hasScannedForEncodings = 0;
			knownRegions = (
				en,
				Base,
			);
			mainGroup = F750671C21D11C1F00576499;
			productRefGroup = F750672621D11C1F00576499 /* Products */;
			projectDirPath = "";
			projectRoot = "";
			targets = (
				F750672421D11C1F00576499 /* Seneka */,
				F750673821D11C2000576499 /* SenekaTests */,
				F750674321D11C2000576499 /* SenekaUITests */,
			);
		};
/* End PBXProject section */

/* Begin PBXResourcesBuildPhase section */
		F750672321D11C1F00576499 /* Resources */ = {
			isa = PBXResourcesBuildPhase;
			buildActionMask = 2147483647;
			files = (
				9376AAF1220BB5B30034EAD0 /* Main.storyboard in Resources */,
				F750673321D11C2000576499 /* LaunchScreen.storyboard in Resources */,
				F750673021D11C2000576499 /* Assets.xcassets in Resources */,
			);
			runOnlyForDeploymentPostprocessing = 0;
		};
		F750673721D11C2000576499 /* Resources */ = {
			isa = PBXResourcesBuildPhase;
			buildActionMask = 2147483647;
			files = (
			);
			runOnlyForDeploymentPostprocessing = 0;
		};
		F750674221D11C2000576499 /* Resources */ = {
			isa = PBXResourcesBuildPhase;
			buildActionMask = 2147483647;
			files = (
			);
			runOnlyForDeploymentPostprocessing = 0;
		};
/* End PBXResourcesBuildPhase section */

/* Begin PBXSourcesBuildPhase section */
		F750672121D11C1F00576499 /* Sources */ = {
			isa = PBXSourcesBuildPhase;
			buildActionMask = 2147483647;
			files = (
				F750672B21D11C1F00576499 /* SignInViewController.swift in Sources */,
				F750672921D11C1F00576499 /* AppDelegate.swift in Sources */,
				F750675921D6C2A800576499 /* LogInViewController.swift in Sources */,
			);
			runOnlyForDeploymentPostprocessing = 0;
		};
		F750673521D11C2000576499 /* Sources */ = {
			isa = PBXSourcesBuildPhase;
			buildActionMask = 2147483647;
			files = (
				F750673E21D11C2000576499 /* SenekaTests.swift in Sources */,
			);
			runOnlyForDeploymentPostprocessing = 0;
		};
		F750674021D11C2000576499 /* Sources */ = {
			isa = PBXSourcesBuildPhase;
			buildActionMask = 2147483647;
			files = (
				F750674921D11C2000576499 /* SenekaUITests.swift in Sources */,
			);
			runOnlyForDeploymentPostprocessing = 0;
		};
/* End PBXSourcesBuildPhase section */

/* Begin PBXTargetDependency section */
		F750673B21D11C2000576499 /* PBXTargetDependency */ = {
			isa = PBXTargetDependency;
			target = F750672421D11C1F00576499 /* Seneka */;
			targetProxy = F750673A21D11C2000576499 /* PBXContainerItemProxy */;
		};
		F750674621D11C2000576499 /* PBXTargetDependency */ = {
			isa = PBXTargetDependency;
			target = F750672421D11C1F00576499 /* Seneka */;
			targetProxy = F750674521D11C2000576499 /* PBXContainerItemProxy */;
		};
/* End PBXTargetDependency section */

/* Begin PBXVariantGroup section */
		F750672C21D11C1F00576499 /* Main.storyboard */ = {
			isa = PBXVariantGroup;
			children = (
				F750672D21D11C1F00576499 /* Base */,
			);
			name = Main.storyboard;
			sourceTree = "<group>";
		};
		F750673121D11C2000576499 /* LaunchScreen.storyboard */ = {
			isa = PBXVariantGroup;
			children = (
				F750673221D11C2000576499 /* Base */,
			);
			name = LaunchScreen.storyboard;
			sourceTree = "<group>";
		};
/* End PBXVariantGroup section */

/* Begin XCBuildConfiguration section */
		F750674B21D11C2000576499 /* Debug */ = {
			isa = XCBuildConfiguration;
			buildSettings = {
				ALWAYS_SEARCH_USER_PATHS = NO;
				CLANG_ANALYZER_NONNULL = YES;
				CLANG_ANALYZER_NUMBER_OBJECT_CONVERSION = YES_AGGRESSIVE;
				CLANG_CXX_LANGUAGE_STANDARD = "gnu++14";
				CLANG_CXX_LIBRARY = "libc++";
				CLANG_ENABLE_MODULES = YES;
				CLANG_ENABLE_OBJC_ARC = YES;
				CLANG_ENABLE_OBJC_WEAK = YES;
				CLANG_WARN_BLOCK_CAPTURE_AUTORELEASING = YES;
				CLANG_WARN_BOOL_CONVERSION = YES;
				CLANG_WARN_COMMA = YES;
				CLANG_WARN_CONSTANT_CONVERSION = YES;
				CLANG_WARN_DEPRECATED_OBJC_IMPLEMENTATIONS = YES;
				CLANG_WARN_DIRECT_OBJC_ISA_USAGE = YES_ERROR;
				CLANG_WARN_DOCUMENTATION_COMMENTS = YES;
				CLANG_WARN_EMPTY_BODY = YES;
				CLANG_WARN_ENUM_CONVERSION = YES;
				CLANG_WARN_INFINITE_RECURSION = YES;
				CLANG_WARN_INT_CONVERSION = YES;
				CLANG_WARN_NON_LITERAL_NULL_CONVERSION = YES;
				CLANG_WARN_OBJC_IMPLICIT_RETAIN_SELF = YES;
				CLANG_WARN_OBJC_LITERAL_CONVERSION = YES;
				CLANG_WARN_OBJC_ROOT_CLASS = YES_ERROR;
				CLANG_WARN_RANGE_LOOP_ANALYSIS = YES;
				CLANG_WARN_STRICT_PROTOTYPES = YES;
				CLANG_WARN_SUSPICIOUS_MOVE = YES;
				CLANG_WARN_UNGUARDED_AVAILABILITY = YES_AGGRESSIVE;
				CLANG_WARN_UNREACHABLE_CODE = YES;
				CLANG_WARN__DUPLICATE_METHOD_MATCH = YES;
				CODE_SIGN_IDENTITY = "iPhone Developer";
				COPY_PHASE_STRIP = NO;
				DEBUG_INFORMATION_FORMAT = dwarf;
				ENABLE_STRICT_OBJC_MSGSEND = YES;
				ENABLE_TESTABILITY = YES;
				GCC_C_LANGUAGE_STANDARD = gnu11;
				GCC_DYNAMIC_NO_PIC = NO;
				GCC_NO_COMMON_BLOCKS = YES;
				GCC_OPTIMIZATION_LEVEL = 0;
				GCC_PREPROCESSOR_DEFINITIONS = (
					"DEBUG=1",
					"$(inherited)",
				);
				GCC_WARN_64_TO_32_BIT_CONVERSION = YES;
				GCC_WARN_ABOUT_RETURN_TYPE = YES_ERROR;
				GCC_WARN_UNDECLARED_SELECTOR = YES;
				GCC_WARN_UNINITIALIZED_AUTOS = YES_AGGRESSIVE;
				GCC_WARN_UNUSED_FUNCTION = YES;
				GCC_WARN_UNUSED_VARIABLE = YES;
				IPHONEOS_DEPLOYMENT_TARGET = 12.1;
				MTL_ENABLE_DEBUG_INFO = INCLUDE_SOURCE;
				MTL_FAST_MATH = YES;
				ONLY_ACTIVE_ARCH = YES;
				SDKROOT = iphoneos;
				SWIFT_ACTIVE_COMPILATION_CONDITIONS = DEBUG;
				SWIFT_OPTIMIZATION_LEVEL = "-Onone";
			};
			name = Debug;
		};
		F750674C21D11C2000576499 /* Release */ = {
			isa = XCBuildConfiguration;
			buildSettings = {
				ALWAYS_SEARCH_USER_PATHS = NO;
				CLANG_ANALYZER_NONNULL = YES;
				CLANG_ANALYZER_NUMBER_OBJECT_CONVERSION = YES_AGGRESSIVE;
				CLANG_CXX_LANGUAGE_STANDARD = "gnu++14";
				CLANG_CXX_LIBRARY = "libc++";
				CLANG_ENABLE_MODULES = YES;
				CLANG_ENABLE_OBJC_ARC = YES;
				CLANG_ENABLE_OBJC_WEAK = YES;
				CLANG_WARN_BLOCK_CAPTURE_AUTORELEASING = YES;
				CLANG_WARN_BOOL_CONVERSION = YES;
				CLANG_WARN_COMMA = YES;
				CLANG_WARN_CONSTANT_CONVERSION = YES;
				CLANG_WARN_DEPRECATED_OBJC_IMPLEMENTATIONS = YES;
				CLANG_WARN_DIRECT_OBJC_ISA_USAGE = YES_ERROR;
				CLANG_WARN_DOCUMENTATION_COMMENTS = YES;
				CLANG_WARN_EMPTY_BODY = YES;
				CLANG_WARN_ENUM_CONVERSION = YES;
				CLANG_WARN_INFINITE_RECURSION = YES;
				CLANG_WARN_INT_CONVERSION = YES;
				CLANG_WARN_NON_LITERAL_NULL_CONVERSION = YES;
				CLANG_WARN_OBJC_IMPLICIT_RETAIN_SELF = YES;
				CLANG_WARN_OBJC_LITERAL_CONVERSION = YES;
				CLANG_WARN_OBJC_ROOT_CLASS = YES_ERROR;
				CLANG_WARN_RANGE_LOOP_ANALYSIS = YES;
				CLANG_WARN_STRICT_PROTOTYPES = YES;
				CLANG_WARN_SUSPICIOUS_MOVE = YES;
				CLANG_WARN_UNGUARDED_AVAILABILITY = YES_AGGRESSIVE;
				CLANG_WARN_UNREACHABLE_CODE = YES;
				CLANG_WARN__DUPLICATE_METHOD_MATCH = YES;
				CODE_SIGN_IDENTITY = "iPhone Developer";
				COPY_PHASE_STRIP = NO;
				DEBUG_INFORMATION_FORMAT = "dwarf-with-dsym";
				ENABLE_NS_ASSERTIONS = NO;
				ENABLE_STRICT_OBJC_MSGSEND = YES;
				GCC_C_LANGUAGE_STANDARD = gnu11;
				GCC_NO_COMMON_BLOCKS = YES;
				GCC_WARN_64_TO_32_BIT_CONVERSION = YES;
				GCC_WARN_ABOUT_RETURN_TYPE = YES_ERROR;
				GCC_WARN_UNDECLARED_SELECTOR = YES;
				GCC_WARN_UNINITIALIZED_AUTOS = YES_AGGRESSIVE;
				GCC_WARN_UNUSED_FUNCTION = YES;
				GCC_WARN_UNUSED_VARIABLE = YES;
				IPHONEOS_DEPLOYMENT_TARGET = 12.1;
				MTL_ENABLE_DEBUG_INFO = NO;
				MTL_FAST_MATH = YES;
				SDKROOT = iphoneos;
				SWIFT_COMPILATION_MODE = wholemodule;
				SWIFT_OPTIMIZATION_LEVEL = "-O";
				VALIDATE_PRODUCT = YES;
			};
			name = Release;
		};
		F750674E21D11C2000576499 /* Debug */ = {
			isa = XCBuildConfiguration;
			buildSettings = {
				ASSETCATALOG_COMPILER_APPICON_NAME = AppIcon;
				CODE_SIGN_STYLE = Automatic;
				DEVELOPMENT_TEAM = ADARLC8T7J;
				INFOPLIST_FILE = Seneka/Info.plist;
				LD_RUNPATH_SEARCH_PATHS = (
					"$(inherited)",
					"@executable_path/Frameworks",
				);
				PRODUCT_BUNDLE_IDENTIFIER = SMS.Seneka;
				PRODUCT_NAME = "$(TARGET_NAME)";
				SWIFT_VERSION = 4.2;
				TARGETED_DEVICE_FAMILY = "1,2";
			};
			name = Debug;
		};
		F750674F21D11C2000576499 /* Release */ = {
			isa = XCBuildConfiguration;
			buildSettings = {
				ASSETCATALOG_COMPILER_APPICON_NAME = AppIcon;
				CODE_SIGN_STYLE = Automatic;
				DEVELOPMENT_TEAM = ADARLC8T7J;
				INFOPLIST_FILE = Seneka/Info.plist;
				LD_RUNPATH_SEARCH_PATHS = (
					"$(inherited)",
					"@executable_path/Frameworks",
				);
				PRODUCT_BUNDLE_IDENTIFIER = SMS.Seneka;
				PRODUCT_NAME = "$(TARGET_NAME)";
				SWIFT_VERSION = 4.2;
				TARGETED_DEVICE_FAMILY = "1,2";
			};
			name = Release;
		};
		F750675121D11C2000576499 /* Debug */ = {
			isa = XCBuildConfiguration;
			buildSettings = {
				ALWAYS_EMBED_SWIFT_STANDARD_LIBRARIES = YES;
				BUNDLE_LOADER = "$(TEST_HOST)";
				CODE_SIGN_STYLE = Automatic;
				INFOPLIST_FILE = SenekaTests/Info.plist;
				LD_RUNPATH_SEARCH_PATHS = (
					"$(inherited)",
					"@executable_path/Frameworks",
					"@loader_path/Frameworks",
				);
				PRODUCT_BUNDLE_IDENTIFIER = SMS.SenekaTests;
				PRODUCT_NAME = "$(TARGET_NAME)";
				SWIFT_VERSION = 4.2;
				TARGETED_DEVICE_FAMILY = "1,2";
				TEST_HOST = "$(BUILT_PRODUCTS_DIR)/Seneka.app/Seneka";
			};
			name = Debug;
		};
		F750675221D11C2000576499 /* Release */ = {
			isa = XCBuildConfiguration;
			buildSettings = {
				ALWAYS_EMBED_SWIFT_STANDARD_LIBRARIES = YES;
				BUNDLE_LOADER = "$(TEST_HOST)";
				CODE_SIGN_STYLE = Automatic;
				INFOPLIST_FILE = SenekaTests/Info.plist;
				LD_RUNPATH_SEARCH_PATHS = (
					"$(inherited)",
					"@executable_path/Frameworks",
					"@loader_path/Frameworks",
				);
				PRODUCT_BUNDLE_IDENTIFIER = SMS.SenekaTests;
				PRODUCT_NAME = "$(TARGET_NAME)";
				SWIFT_VERSION = 4.2;
				TARGETED_DEVICE_FAMILY = "1,2";
				TEST_HOST = "$(BUILT_PRODUCTS_DIR)/Seneka.app/Seneka";
			};
			name = Release;
		};
		F750675421D11C2000576499 /* Debug */ = {
			isa = XCBuildConfiguration;
			buildSettings = {
				ALWAYS_EMBED_SWIFT_STANDARD_LIBRARIES = YES;
				CODE_SIGN_STYLE = Automatic;
				INFOPLIST_FILE = SenekaUITests/Info.plist;
				LD_RUNPATH_SEARCH_PATHS = (
					"$(inherited)",
					"@executable_path/Frameworks",
					"@loader_path/Frameworks",
				);
				PRODUCT_BUNDLE_IDENTIFIER = SMS.SenekaUITests;
				PRODUCT_NAME = "$(TARGET_NAME)";
				SWIFT_VERSION = 4.2;
				TARGETED_DEVICE_FAMILY = "1,2";
				TEST_TARGET_NAME = Seneka;
			};
			name = Debug;
		};
		F750675521D11C2000576499 /* Release */ = {
			isa = XCBuildConfiguration;
			buildSettings = {
				ALWAYS_EMBED_SWIFT_STANDARD_LIBRARIES = YES;
				CODE_SIGN_STYLE = Automatic;
				INFOPLIST_FILE = SenekaUITests/Info.plist;
				LD_RUNPATH_SEARCH_PATHS = (
					"$(inherited)",
					"@executable_path/Frameworks",
					"@loader_path/Frameworks",
				);
				PRODUCT_BUNDLE_IDENTIFIER = SMS.SenekaUITests;
				PRODUCT_NAME = "$(TARGET_NAME)";
				SWIFT_VERSION = 4.2;
				TARGETED_DEVICE_FAMILY = "1,2";
				TEST_TARGET_NAME = Seneka;
			};
			name = Release;
		};
/* End XCBuildConfiguration section */

/* Begin XCConfigurationList section */
		F750672021D11C1F00576499 /* Build configuration list for PBXProject "Seneka" */ = {
			isa = XCConfigurationList;
			buildConfigurations = (
				F750674B21D11C2000576499 /* Debug */,
				F750674C21D11C2000576499 /* Release */,
			);
			defaultConfigurationIsVisible = 0;
			defaultConfigurationName = Release;
		};
		F750674D21D11C2000576499 /* Build configuration list for PBXNativeTarget "Seneka" */ = {
			isa = XCConfigurationList;
			buildConfigurations = (
				F750674E21D11C2000576499 /* Debug */,
				F750674F21D11C2000576499 /* Release */,
			);
			defaultConfigurationIsVisible = 0;
			defaultConfigurationName = Release;
		};
		F750675021D11C2000576499 /* Build configuration list for PBXNativeTarget "SenekaTests" */ = {
			isa = XCConfigurationList;
			buildConfigurations = (
				F750675121D11C2000576499 /* Debug */,
				F750675221D11C2000576499 /* Release */,
			);
			defaultConfigurationIsVisible = 0;
			defaultConfigurationName = Release;
		};
		F750675321D11C2000576499 /* Build configuration list for PBXNativeTarget "SenekaUITests" */ = {
			isa = XCConfigurationList;
			buildConfigurations = (
				F750675421D11C2000576499 /* Debug */,
				F750675521D11C2000576499 /* Release */,
			);
			defaultConfigurationIsVisible = 0;
			defaultConfigurationName = Release;
		};
/* End XCConfigurationList section */
	};
	rootObject = F750671D21D11C1F00576499 /* Project object */;
}
