// !$*UTF8*$!
{
	archiveVersion = 1;
	classes = {
	};
	objectVersion = 50;
	objects = {

/* Begin PBXBuildFile section */
		9376AAFF220BBE7D0034EAD0 /* AppDelegate.swift in Sources */ = {isa = PBXBuildFile; fileRef = 9376AAFE220BBE7D0034EAD0 /* AppDelegate.swift */; };
		9376AB01220BBE7D0034EAD0 /* ViewController.swift in Sources */ = {isa = PBXBuildFile; fileRef = 9376AB00220BBE7D0034EAD0 /* ViewController.swift */; };
		9376AB04220BBE7D0034EAD0 /* Main.storyboard in Resources */ = {isa = PBXBuildFile; fileRef = 9376AB02220BBE7D0034EAD0 /* Main.storyboard */; };
		9376AB06220BBE7E0034EAD0 /* Assets.xcassets in Resources */ = {isa = PBXBuildFile; fileRef = 9376AB05220BBE7E0034EAD0 /* Assets.xcassets */; };
		9376AB09220BBE7E0034EAD0 /* LaunchScreen.storyboard in Resources */ = {isa = PBXBuildFile; fileRef = 9376AB07220BBE7E0034EAD0 /* LaunchScreen.storyboard */; };
		9376AB14220BBE7E0034EAD0 /* GetLocationTests.swift in Sources */ = {isa = PBXBuildFile; fileRef = 9376AB13220BBE7E0034EAD0 /* GetLocationTests.swift */; };
		9376AB1F220BBE7E0034EAD0 /* GetLocationUITests.swift in Sources */ = {isa = PBXBuildFile; fileRef = 9376AB1E220BBE7E0034EAD0 /* GetLocationUITests.swift */; };
		DEB099712210D4B400F86520 /* CoreLocation.framework in Frameworks */ = {isa = PBXBuildFile; fileRef = DEB099702210D4B400F86520 /* CoreLocation.framework */; };
/* End PBXBuildFile section */

/* Begin PBXContainerItemProxy section */
		9376AB10220BBE7E0034EAD0 /* PBXContainerItemProxy */ = {
			isa = PBXContainerItemProxy;
			containerPortal = 9376AAF3220BBE7D0034EAD0 /* Project object */;
			proxyType = 1;
			remoteGlobalIDString = 9376AAFA220BBE7D0034EAD0;
			remoteInfo = GetLocation;
		};
		9376AB1B220BBE7E0034EAD0 /* PBXContainerItemProxy */ = {
			isa = PBXContainerItemProxy;
			containerPortal = 9376AAF3220BBE7D0034EAD0 /* Project object */;
			proxyType = 1;
			remoteGlobalIDString = 9376AAFA220BBE7D0034EAD0;
			remoteInfo = GetLocation;
		};
/* End PBXContainerItemProxy section */

/* Begin PBXFileReference section */
		9376AAFB220BBE7D0034EAD0 /* GetLocation.app */ = {isa = PBXFileReference; explicitFileType = wrapper.application; includeInIndex = 0; path = GetLocation.app; sourceTree = BUILT_PRODUCTS_DIR; };
		9376AAFE220BBE7D0034EAD0 /* AppDelegate.swift */ = {isa = PBXFileReference; lastKnownFileType = sourcecode.swift; path = AppDelegate.swift; sourceTree = "<group>"; };
		9376AB00220BBE7D0034EAD0 /* ViewController.swift */ = {isa = PBXFileReference; lastKnownFileType = sourcecode.swift; path = ViewController.swift; sourceTree = "<group>"; };
		9376AB03220BBE7D0034EAD0 /* Base */ = {isa = PBXFileReference; lastKnownFileType = file.storyboard; name = Base; path = Base.lproj/Main.storyboard; sourceTree = "<group>"; };
		9376AB05220BBE7E0034EAD0 /* Assets.xcassets */ = {isa = PBXFileReference; lastKnownFileType = folder.assetcatalog; path = Assets.xcassets; sourceTree = "<group>"; };
		9376AB08220BBE7E0034EAD0 /* Base */ = {isa = PBXFileReference; lastKnownFileType = file.storyboard; name = Base; path = Base.lproj/LaunchScreen.storyboard; sourceTree = "<group>"; };
		9376AB0A220BBE7E0034EAD0 /* Info.plist */ = {isa = PBXFileReference; lastKnownFileType = text.plist.xml; path = Info.plist; sourceTree = "<group>"; };
		9376AB0F220BBE7E0034EAD0 /* GetLocationTests.xctest */ = {isa = PBXFileReference; explicitFileType = wrapper.cfbundle; includeInIndex = 0; path = GetLocationTests.xctest; sourceTree = BUILT_PRODUCTS_DIR; };
		9376AB13220BBE7E0034EAD0 /* GetLocationTests.swift */ = {isa = PBXFileReference; lastKnownFileType = sourcecode.swift; path = GetLocationTests.swift; sourceTree = "<group>"; };
		9376AB15220BBE7E0034EAD0 /* Info.plist */ = {isa = PBXFileReference; lastKnownFileType = text.plist.xml; path = Info.plist; sourceTree = "<group>"; };
		9376AB1A220BBE7E0034EAD0 /* GetLocationUITests.xctest */ = {isa = PBXFileReference; explicitFileType = wrapper.cfbundle; includeInIndex = 0; path = GetLocationUITests.xctest; sourceTree = BUILT_PRODUCTS_DIR; };
		9376AB1E220BBE7E0034EAD0 /* GetLocationUITests.swift */ = {isa = PBXFileReference; lastKnownFileType = sourcecode.swift; path = GetLocationUITests.swift; sourceTree = "<group>"; };
		9376AB20220BBE7E0034EAD0 /* Info.plist */ = {isa = PBXFileReference; lastKnownFileType = text.plist.xml; path = Info.plist; sourceTree = "<group>"; };
		DEB099702210D4B400F86520 /* CoreLocation.framework */ = {isa = PBXFileReference; lastKnownFileType = wrapper.framework; name = CoreLocation.framework; path = System/Library/Frameworks/CoreLocation.framework; sourceTree = SDKROOT; };
/* End PBXFileReference section */

/* Begin PBXFrameworksBuildPhase section */
		9376AAF8220BBE7D0034EAD0 /* Frameworks */ = {
			isa = PBXFrameworksBuildPhase;
			buildActionMask = 2147483647;
			files = (
				DEB099712210D4B400F86520 /* CoreLocation.framework in Frameworks */,
			);
			runOnlyForDeploymentPostprocessing = 0;
		};
		9376AB0C220BBE7E0034EAD0 /* Frameworks */ = {
			isa = PBXFrameworksBuildPhase;
			buildActionMask = 2147483647;
			files = (
			);
			runOnlyForDeploymentPostprocessing = 0;
		};
		9376AB17220BBE7E0034EAD0 /* Frameworks */ = {
			isa = PBXFrameworksBuildPhase;
			buildActionMask = 2147483647;
			files = (
			);
			runOnlyForDeploymentPostprocessing = 0;
		};
/* End PBXFrameworksBuildPhase section */

/* Begin PBXGroup section */
		9376AAF2220BBE7D0034EAD0 = {
			isa = PBXGroup;
			children = (
				9376AAFD220BBE7D0034EAD0 /* GetLocation */,
				9376AB12220BBE7E0034EAD0 /* GetLocationTests */,
				9376AB1D220BBE7E0034EAD0 /* GetLocationUITests */,
				9376AAFC220BBE7D0034EAD0 /* Products */,
				DEB0996F2210D4B400F86520 /* Frameworks */,
			);
			sourceTree = "<group>";
		};
		9376AAFC220BBE7D0034EAD0 /* Products */ = {
			isa = PBXGroup;
			children = (
				9376AAFB220BBE7D0034EAD0 /* GetLocation.app */,
				9376AB0F220BBE7E0034EAD0 /* GetLocationTests.xctest */,
				9376AB1A220BBE7E0034EAD0 /* GetLocationUITests.xctest */,
			);
			name = Products;
			sourceTree = "<group>";
		};
		9376AAFD220BBE7D0034EAD0 /* GetLocation */ = {
			isa = PBXGroup;
			children = (
				9376AAFE220BBE7D0034EAD0 /* AppDelegate.swift */,
				9376AB00220BBE7D0034EAD0 /* ViewController.swift */,
				9376AB02220BBE7D0034EAD0 /* Main.storyboard */,
				9376AB05220BBE7E0034EAD0 /* Assets.xcassets */,
				9376AB07220BBE7E0034EAD0 /* LaunchScreen.storyboard */,
				9376AB0A220BBE7E0034EAD0 /* Info.plist */,
			);
			path = GetLocation;
			sourceTree = "<group>";
		};
		9376AB12220BBE7E0034EAD0 /* GetLocationTests */ = {
			isa = PBXGroup;
			children = (
				9376AB13220BBE7E0034EAD0 /* GetLocationTests.swift */,
				9376AB15220BBE7E0034EAD0 /* Info.plist */,
			);
			path = GetLocationTests;
			sourceTree = "<group>";
		};
		9376AB1D220BBE7E0034EAD0 /* GetLocationUITests */ = {
			isa = PBXGroup;
			children = (
				9376AB1E220BBE7E0034EAD0 /* GetLocationUITests.swift */,
				9376AB20220BBE7E0034EAD0 /* Info.plist */,
			);
			path = GetLocationUITests;
			sourceTree = "<group>";
		};
		DEB0996F2210D4B400F86520 /* Frameworks */ = {
			isa = PBXGroup;
			children = (
				DEB099702210D4B400F86520 /* CoreLocation.framework */,
			);
			name = Frameworks;
			sourceTree = "<group>";
		};
/* End PBXGroup section */

/* Begin PBXNativeTarget section */
		9376AAFA220BBE7D0034EAD0 /* GetLocation */ = {
			isa = PBXNativeTarget;
			buildConfigurationList = 9376AB23220BBE7E0034EAD0 /* Build configuration list for PBXNativeTarget "GetLocation" */;
			buildPhases = (
				9376AAF7220BBE7D0034EAD0 /* Sources */,
				9376AAF8220BBE7D0034EAD0 /* Frameworks */,
				9376AAF9220BBE7D0034EAD0 /* Resources */,
			);
			buildRules = (
			);
			dependencies = (
			);
			name = GetLocation;
			productName = GetLocation;
			productReference = 9376AAFB220BBE7D0034EAD0 /* GetLocation.app */;
			productType = "com.apple.product-type.application";
		};
		9376AB0E220BBE7E0034EAD0 /* GetLocationTests */ = {
			isa = PBXNativeTarget;
			buildConfigurationList = 9376AB26220BBE7E0034EAD0 /* Build configuration list for PBXNativeTarget "GetLocationTests" */;
			buildPhases = (
				9376AB0B220BBE7E0034EAD0 /* Sources */,
				9376AB0C220BBE7E0034EAD0 /* Frameworks */,
				9376AB0D220BBE7E0034EAD0 /* Resources */,
			);
			buildRules = (
			);
			dependencies = (
				9376AB11220BBE7E0034EAD0 /* PBXTargetDependency */,
			);
			name = GetLocationTests;
			productName = GetLocationTests;
			productReference = 9376AB0F220BBE7E0034EAD0 /* GetLocationTests.xctest */;
			productType = "com.apple.product-type.bundle.unit-test";
		};
		9376AB19220BBE7E0034EAD0 /* GetLocationUITests */ = {
			isa = PBXNativeTarget;
			buildConfigurationList = 9376AB29220BBE7E0034EAD0 /* Build configuration list for PBXNativeTarget "GetLocationUITests" */;
			buildPhases = (
				9376AB16220BBE7E0034EAD0 /* Sources */,
				9376AB17220BBE7E0034EAD0 /* Frameworks */,
				9376AB18220BBE7E0034EAD0 /* Resources */,
			);
			buildRules = (
			);
			dependencies = (
				9376AB1C220BBE7E0034EAD0 /* PBXTargetDependency */,
			);
			name = GetLocationUITests;
			productName = GetLocationUITests;
			productReference = 9376AB1A220BBE7E0034EAD0 /* GetLocationUITests.xctest */;
			productType = "com.apple.product-type.bundle.ui-testing";
		};
/* End PBXNativeTarget section */

/* Begin PBXProject section */
		9376AAF3220BBE7D0034EAD0 /* Project object */ = {
			isa = PBXProject;
			attributes = {
				LastSwiftUpdateCheck = 1010;
				LastUpgradeCheck = 1010;
				ORGANIZATIONNAME = Estudiantes;
				TargetAttributes = {
					9376AAFA220BBE7D0034EAD0 = {
						CreatedOnToolsVersion = 10.1;
					};
					9376AB0E220BBE7E0034EAD0 = {
						CreatedOnToolsVersion = 10.1;
						TestTargetID = 9376AAFA220BBE7D0034EAD0;
					};
					9376AB19220BBE7E0034EAD0 = {
						CreatedOnToolsVersion = 10.1;
						TestTargetID = 9376AAFA220BBE7D0034EAD0;
					};
				};
			};
			buildConfigurationList = 9376AAF6220BBE7D0034EAD0 /* Build configuration list for PBXProject "GetLocation" */;
			compatibilityVersion = "Xcode 9.3";
			developmentRegion = en;
			hasScannedForEncodings = 0;
			knownRegions = (
				en,
				Base,
			);
			mainGroup = 9376AAF2220BBE7D0034EAD0;
			productRefGroup = 9376AAFC220BBE7D0034EAD0 /* Products */;
			projectDirPath = "";
			projectRoot = "";
			targets = (
				9376AAFA220BBE7D0034EAD0 /* GetLocation */,
				9376AB0E220BBE7E0034EAD0 /* GetLocationTests */,
				9376AB19220BBE7E0034EAD0 /* GetLocationUITests */,
			);
		};
/* End PBXProject section */

/* Begin PBXResourcesBuildPhase section */
		9376AAF9220BBE7D0034EAD0 /* Resources */ = {
			isa = PBXResourcesBuildPhase;
			buildActionMask = 2147483647;
			files = (
				9376AB09220BBE7E0034EAD0 /* LaunchScreen.storyboard in Resources */,
				9376AB06220BBE7E0034EAD0 /* Assets.xcassets in Resources */,
				9376AB04220BBE7D0034EAD0 /* Main.storyboard in Resources */,
			);
			runOnlyForDeploymentPostprocessing = 0;
		};
		9376AB0D220BBE7E0034EAD0 /* Resources */ = {
			isa = PBXResourcesBuildPhase;
			buildActionMask = 2147483647;
			files = (
			);
			runOnlyForDeploymentPostprocessing = 0;
		};
		9376AB18220BBE7E0034EAD0 /* Resources */ = {
			isa = PBXResourcesBuildPhase;
			buildActionMask = 2147483647;
			files = (
			);
			runOnlyForDeploymentPostprocessing = 0;
		};
/* End PBXResourcesBuildPhase section */

/* Begin PBXSourcesBuildPhase section */
		9376AAF7220BBE7D0034EAD0 /* Sources */ = {
			isa = PBXSourcesBuildPhase;
			buildActionMask = 2147483647;
			files = (
				9376AB01220BBE7D0034EAD0 /* ViewController.swift in Sources */,
				9376AAFF220BBE7D0034EAD0 /* AppDelegate.swift in Sources */,
			);
			runOnlyForDeploymentPostprocessing = 0;
		};
		9376AB0B220BBE7E0034EAD0 /* Sources */ = {
			isa = PBXSourcesBuildPhase;
			buildActionMask = 2147483647;
			files = (
				9376AB14220BBE7E0034EAD0 /* GetLocationTests.swift in Sources */,
			);
			runOnlyForDeploymentPostprocessing = 0;
		};
		9376AB16220BBE7E0034EAD0 /* Sources */ = {
			isa = PBXSourcesBuildPhase;
			buildActionMask = 2147483647;
			files = (
				9376AB1F220BBE7E0034EAD0 /* GetLocationUITests.swift in Sources */,
			);
			runOnlyForDeploymentPostprocessing = 0;
		};
/* End PBXSourcesBuildPhase section */

/* Begin PBXTargetDependency section */
		9376AB11220BBE7E0034EAD0 /* PBXTargetDependency */ = {
			isa = PBXTargetDependency;
			target = 9376AAFA220BBE7D0034EAD0 /* GetLocation */;
			targetProxy = 9376AB10220BBE7E0034EAD0 /* PBXContainerItemProxy */;
		};
		9376AB1C220BBE7E0034EAD0 /* PBXTargetDependency */ = {
			isa = PBXTargetDependency;
			target = 9376AAFA220BBE7D0034EAD0 /* GetLocation */;
			targetProxy = 9376AB1B220BBE7E0034EAD0 /* PBXContainerItemProxy */;
		};
/* End PBXTargetDependency section */

/* Begin PBXVariantGroup section */
		9376AB02220BBE7D0034EAD0 /* Main.storyboard */ = {
			isa = PBXVariantGroup;
			children = (
				9376AB03220BBE7D0034EAD0 /* Base */,
			);
			name = Main.storyboard;
			sourceTree = "<group>";
		};
		9376AB07220BBE7E0034EAD0 /* LaunchScreen.storyboard */ = {
			isa = PBXVariantGroup;
			children = (
				9376AB08220BBE7E0034EAD0 /* Base */,
			);
			name = LaunchScreen.storyboard;
			sourceTree = "<group>";
		};
/* End PBXVariantGroup section */

/* Begin XCBuildConfiguration section */
		9376AB21220BBE7E0034EAD0 /* Debug */ = {
			isa = XCBuildConfiguration;
			buildSettings = {
				ALWAYS_SEARCH_USER_PATHS = NO;
				CLANG_ANALYZER_NONNULL = YES;
				CLANG_ANALYZER_NUMBER_OBJECT_CONVERSION = YES_AGGRESSIVE;
				CLANG_CXX_LANGUAGE_STANDARD = "gnu++14";
				CLANG_CXX_LIBRARY = "libc++";
				CLANG_ENABLE_MODULES = YES;
				CLANG_ENABLE_OBJC_ARC = YES;
				CLANG_ENABLE_OBJC_WEAK = YES;
				CLANG_WARN_BLOCK_CAPTURE_AUTORELEASING = YES;
				CLANG_WARN_BOOL_CONVERSION = YES;
				CLANG_WARN_COMMA = YES;
				CLANG_WARN_CONSTANT_CONVERSION = YES;
				CLANG_WARN_DEPRECATED_OBJC_IMPLEMENTATIONS = YES;
				CLANG_WARN_DIRECT_OBJC_ISA_USAGE = YES_ERROR;
				CLANG_WARN_DOCUMENTATION_COMMENTS = YES;
				CLANG_WARN_EMPTY_BODY = YES;
				CLANG_WARN_ENUM_CONVERSION = YES;
				CLANG_WARN_INFINITE_RECURSION = YES;
				CLANG_WARN_INT_CONVERSION = YES;
				CLANG_WARN_NON_LITERAL_NULL_CONVERSION = YES;
				CLANG_WARN_OBJC_IMPLICIT_RETAIN_SELF = YES;
				CLANG_WARN_OBJC_LITERAL_CONVERSION = YES;
				CLANG_WARN_OBJC_ROOT_CLASS = YES_ERROR;
				CLANG_WARN_RANGE_LOOP_ANALYSIS = YES;
				CLANG_WARN_STRICT_PROTOTYPES = YES;
				CLANG_WARN_SUSPICIOUS_MOVE = YES;
				CLANG_WARN_UNGUARDED_AVAILABILITY = YES_AGGRESSIVE;
				CLANG_WARN_UNREACHABLE_CODE = YES;
				CLANG_WARN__DUPLICATE_METHOD_MATCH = YES;
				CODE_SIGN_IDENTITY = "iPhone Developer";
				COPY_PHASE_STRIP = NO;
				DEBUG_INFORMATION_FORMAT = dwarf;
				ENABLE_STRICT_OBJC_MSGSEND = YES;
				ENABLE_TESTABILITY = YES;
				GCC_C_LANGUAGE_STANDARD = gnu11;
				GCC_DYNAMIC_NO_PIC = NO;
				GCC_NO_COMMON_BLOCKS = YES;
				GCC_OPTIMIZATION_LEVEL = 0;
				GCC_PREPROCESSOR_DEFINITIONS = (
					"DEBUG=1",
					"$(inherited)",
				);
				GCC_WARN_64_TO_32_BIT_CONVERSION = YES;
				GCC_WARN_ABOUT_RETURN_TYPE = YES_ERROR;
				GCC_WARN_UNDECLARED_SELECTOR = YES;
				GCC_WARN_UNINITIALIZED_AUTOS = YES_AGGRESSIVE;
				GCC_WARN_UNUSED_FUNCTION = YES;
				GCC_WARN_UNUSED_VARIABLE = YES;
				IPHONEOS_DEPLOYMENT_TARGET = 12.1;
				MTL_ENABLE_DEBUG_INFO = INCLUDE_SOURCE;
				MTL_FAST_MATH = YES;
				ONLY_ACTIVE_ARCH = YES;
				SDKROOT = iphoneos;
				SWIFT_ACTIVE_COMPILATION_CONDITIONS = DEBUG;
				SWIFT_OPTIMIZATION_LEVEL = "-Onone";
			};
			name = Debug;
		};
		9376AB22220BBE7E0034EAD0 /* Release */ = {
			isa = XCBuildConfiguration;
			buildSettings = {
				ALWAYS_SEARCH_USER_PATHS = NO;
				CLANG_ANALYZER_NONNULL = YES;
				CLANG_ANALYZER_NUMBER_OBJECT_CONVERSION = YES_AGGRESSIVE;
				CLANG_CXX_LANGUAGE_STANDARD = "gnu++14";
				CLANG_CXX_LIBRARY = "libc++";
				CLANG_ENABLE_MODULES = YES;
				CLANG_ENABLE_OBJC_ARC = YES;
				CLANG_ENABLE_OBJC_WEAK = YES;
				CLANG_WARN_BLOCK_CAPTURE_AUTORELEASING = YES;
				CLANG_WARN_BOOL_CONVERSION = YES;
				CLANG_WARN_COMMA = YES;
				CLANG_WARN_CONSTANT_CONVERSION = YES;
				CLANG_WARN_DEPRECATED_OBJC_IMPLEMENTATIONS = YES;
				CLANG_WARN_DIRECT_OBJC_ISA_USAGE = YES_ERROR;
				CLANG_WARN_DOCUMENTATION_COMMENTS = YES;
				CLANG_WARN_EMPTY_BODY = YES;
				CLANG_WARN_ENUM_CONVERSION = YES;
				CLANG_WARN_INFINITE_RECURSION = YES;
				CLANG_WARN_INT_CONVERSION = YES;
				CLANG_WARN_NON_LITERAL_NULL_CONVERSION = YES;
				CLANG_WARN_OBJC_IMPLICIT_RETAIN_SELF = YES;
				CLANG_WARN_OBJC_LITERAL_CONVERSION = YES;
				CLANG_WARN_OBJC_ROOT_CLASS = YES_ERROR;
				CLANG_WARN_RANGE_LOOP_ANALYSIS = YES;
				CLANG_WARN_STRICT_PROTOTYPES = YES;
				CLANG_WARN_SUSPICIOUS_MOVE = YES;
				CLANG_WARN_UNGUARDED_AVAILABILITY = YES_AGGRESSIVE;
				CLANG_WARN_UNREACHABLE_CODE = YES;
				CLANG_WARN__DUPLICATE_METHOD_MATCH = YES;
				CODE_SIGN_IDENTITY = "iPhone Developer";
				COPY_PHASE_STRIP = NO;
				DEBUG_INFORMATION_FORMAT = "dwarf-with-dsym";
				ENABLE_NS_ASSERTIONS = NO;
				ENABLE_STRICT_OBJC_MSGSEND = YES;
				GCC_C_LANGUAGE_STANDARD = gnu11;
				GCC_NO_COMMON_BLOCKS = YES;
				GCC_WARN_64_TO_32_BIT_CONVERSION = YES;
				GCC_WARN_ABOUT_RETURN_TYPE = YES_ERROR;
				GCC_WARN_UNDECLARED_SELECTOR = YES;
				GCC_WARN_UNINITIALIZED_AUTOS = YES_AGGRESSIVE;
				GCC_WARN_UNUSED_FUNCTION = YES;
				GCC_WARN_UNUSED_VARIABLE = YES;
				IPHONEOS_DEPLOYMENT_TARGET = 12.1;
				MTL_ENABLE_DEBUG_INFO = NO;
				MTL_FAST_MATH = YES;
				SDKROOT = iphoneos;
				SWIFT_COMPILATION_MODE = wholemodule;
				SWIFT_OPTIMIZATION_LEVEL = "-O";
				VALIDATE_PRODUCT = YES;
			};
			name = Release;
		};
		9376AB24220BBE7E0034EAD0 /* Debug */ = {
			isa = XCBuildConfiguration;
			buildSettings = {
				ASSETCATALOG_COMPILER_APPICON_NAME = AppIcon;
				CODE_SIGN_STYLE = Automatic;
				DEVELOPMENT_TEAM = ADARLC8T7J;
				INFOPLIST_FILE = GetLocation/Info.plist;
				LD_RUNPATH_SEARCH_PATHS = (
					"$(inherited)",
					"@executable_path/Frameworks",
				);
				PRODUCT_BUNDLE_IDENTIFIER = senekaapp.GetLocation;
				PRODUCT_NAME = "$(TARGET_NAME)";
				SWIFT_VERSION = 4.2;
				TARGETED_DEVICE_FAMILY = "1,2";
			};
			name = Debug;
		};
		9376AB25220BBE7E0034EAD0 /* Release */ = {
			isa = XCBuildConfiguration;
			buildSettings = {
				ASSETCATALOG_COMPILER_APPICON_NAME = AppIcon;
				CODE_SIGN_STYLE = Automatic;
				DEVELOPMENT_TEAM = ADARLC8T7J;
				INFOPLIST_FILE = GetLocation/Info.plist;
				LD_RUNPATH_SEARCH_PATHS = (
					"$(inherited)",
					"@executable_path/Frameworks",
				);
				PRODUCT_BUNDLE_IDENTIFIER = senekaapp.GetLocation;
				PRODUCT_NAME = "$(TARGET_NAME)";
				SWIFT_VERSION = 4.2;
				TARGETED_DEVICE_FAMILY = "1,2";
			};
			name = Release;
		};
		9376AB27220BBE7E0034EAD0 /* Debug */ = {
			isa = XCBuildConfiguration;
			buildSettings = {
				ALWAYS_EMBED_SWIFT_STANDARD_LIBRARIES = YES;
				BUNDLE_LOADER = "$(TEST_HOST)";
				CODE_SIGN_STYLE = Automatic;
				DEVELOPMENT_TEAM = senekaapp;
				INFOPLIST_FILE = GetLocationTests/Info.plist;
				LD_RUNPATH_SEARCH_PATHS = (
					"$(inherited)",
					"@executable_path/Frameworks",
					"@loader_path/Frameworks",
				);
				PRODUCT_BUNDLE_IDENTIFIER = senekaapp.GetLocationTests;
				PRODUCT_NAME = "$(TARGET_NAME)";
				SWIFT_VERSION = 4.2;
				TARGETED_DEVICE_FAMILY = "1,2";
				TEST_HOST = "$(BUILT_PRODUCTS_DIR)/GetLocation.app/GetLocation";
			};
			name = Debug;
		};
		9376AB28220BBE7E0034EAD0 /* Release */ = {
			isa = XCBuildConfiguration;
			buildSettings = {
				ALWAYS_EMBED_SWIFT_STANDARD_LIBRARIES = YES;
				BUNDLE_LOADER = "$(TEST_HOST)";
				CODE_SIGN_STYLE = Automatic;
				DEVELOPMENT_TEAM = senekaapp;
				INFOPLIST_FILE = GetLocationTests/Info.plist;
				LD_RUNPATH_SEARCH_PATHS = (
					"$(inherited)",
					"@executable_path/Frameworks",
					"@loader_path/Frameworks",
				);
				PRODUCT_BUNDLE_IDENTIFIER = senekaapp.GetLocationTests;
				PRODUCT_NAME = "$(TARGET_NAME)";
				SWIFT_VERSION = 4.2;
				TARGETED_DEVICE_FAMILY = "1,2";
				TEST_HOST = "$(BUILT_PRODUCTS_DIR)/GetLocation.app/GetLocation";
			};
			name = Release;
		};
		9376AB2A220BBE7E0034EAD0 /* Debug */ = {
			isa = XCBuildConfiguration;
			buildSettings = {
				ALWAYS_EMBED_SWIFT_STANDARD_LIBRARIES = YES;
				CODE_SIGN_STYLE = Automatic;
				DEVELOPMENT_TEAM = senekaapp;
				INFOPLIST_FILE = GetLocationUITests/Info.plist;
				LD_RUNPATH_SEARCH_PATHS = (
					"$(inherited)",
					"@executable_path/Frameworks",
					"@loader_path/Frameworks",
				);
				PRODUCT_BUNDLE_IDENTIFIER = senekaapp.GetLocationUITests;
				PRODUCT_NAME = "$(TARGET_NAME)";
				SWIFT_VERSION = 4.2;
				TARGETED_DEVICE_FAMILY = "1,2";
				TEST_TARGET_NAME = GetLocation;
			};
			name = Debug;
		};
		9376AB2B220BBE7E0034EAD0 /* Release */ = {
			isa = XCBuildConfiguration;
			buildSettings = {
				ALWAYS_EMBED_SWIFT_STANDARD_LIBRARIES = YES;
				CODE_SIGN_STYLE = Automatic;
				DEVELOPMENT_TEAM = senekaapp;
				INFOPLIST_FILE = GetLocationUITests/Info.plist;
				LD_RUNPATH_SEARCH_PATHS = (
					"$(inherited)",
					"@executable_path/Frameworks",
					"@loader_path/Frameworks",
				);
				PRODUCT_BUNDLE_IDENTIFIER = senekaapp.GetLocationUITests;
				PRODUCT_NAME = "$(TARGET_NAME)";
				SWIFT_VERSION = 4.2;
				TARGETED_DEVICE_FAMILY = "1,2";
				TEST_TARGET_NAME = GetLocation;
			};
			name = Release;
		};
/* End XCBuildConfiguration section */

/* Begin XCConfigurationList section */
		9376AAF6220BBE7D0034EAD0 /* Build configuration list for PBXProject "GetLocation" */ = {
			isa = XCConfigurationList;
			buildConfigurations = (
				9376AB21220BBE7E0034EAD0 /* Debug */,
				9376AB22220BBE7E0034EAD0 /* Release */,
			);
			defaultConfigurationIsVisible = 0;
			defaultConfigurationName = Release;
		};
		9376AB23220BBE7E0034EAD0 /* Build configuration list for PBXNativeTarget "GetLocation" */ = {
			isa = XCConfigurationList;
			buildConfigurations = (
				9376AB24220BBE7E0034EAD0 /* Debug */,
				9376AB25220BBE7E0034EAD0 /* Release */,
			);
			defaultConfigurationIsVisible = 0;
			defaultConfigurationName = Release;
		};
		9376AB26220BBE7E0034EAD0 /* Build configuration list for PBXNativeTarget "GetLocationTests" */ = {
			isa = XCConfigurationList;
			buildConfigurations = (
				9376AB27220BBE7E0034EAD0 /* Debug */,
				9376AB28220BBE7E0034EAD0 /* Release */,
			);
			defaultConfigurationIsVisible = 0;
			defaultConfigurationName = Release;
		};
		9376AB29220BBE7E0034EAD0 /* Build configuration list for PBXNativeTarget "GetLocationUITests" */ = {
			isa = XCConfigurationList;
			buildConfigurations = (
				9376AB2A220BBE7E0034EAD0 /* Debug */,
				9376AB2B220BBE7E0034EAD0 /* Release */,
			);
			defaultConfigurationIsVisible = 0;
			defaultConfigurationName = Release;
		};
/* End XCConfigurationList section */
	};
	rootObject = 9376AAF3220BBE7D0034EAD0 /* Project object */;
}
