// !$*UTF8*$!
{
	archiveVersion = 1;
	classes = {
	};
	objectVersion = 46;
	objects = {

/* Begin PBXBuildFile section */
		DEAE76B11F03EC0300F46169 /* AppDelegate.swift in Sources */ = {isa = PBXBuildFile; fileRef = DEAE76B01F03EC0300F46169 /* AppDelegate.swift */; };
		DEAE76B31F03EC0300F46169 /* ViewController.swift in Sources */ = {isa = PBXBuildFile; fileRef = DEAE76B21F03EC0300F46169 /* ViewController.swift */; };
		DEAE76B61F03EC0300F46169 /* Main.storyboard in Resources */ = {isa = PBXBuildFile; fileRef = DEAE76B41F03EC0300F46169 /* Main.storyboard */; };
		DEAE76B81F03EC0300F46169 /* Assets.xcassets in Resources */ = {isa = PBXBuildFile; fileRef = DEAE76B71F03EC0300F46169 /* Assets.xcassets */; };
		DEAE76BB1F03EC0300F46169 /* LaunchScreen.storyboard in Resources */ = {isa = PBXBuildFile; fileRef = DEAE76B91F03EC0300F46169 /* LaunchScreen.storyboard */; };
/* End PBXBuildFile section */

/* Begin PBXFileReference section */
		DEAE76AD1F03EC0300F46169 /* showPlaceOnMap.app */ = {isa = PBXFileReference; explicitFileType = wrapper.application; includeInIndex = 0; path = showPlaceOnMap.app; sourceTree = BUILT_PRODUCTS_DIR; };
		DEAE76B01F03EC0300F46169 /* AppDelegate.swift */ = {isa = PBXFileReference; lastKnownFileType = sourcecode.swift; path = AppDelegate.swift; sourceTree = "<group>"; };
		DEAE76B21F03EC0300F46169 /* ViewController.swift */ = {isa = PBXFileReference; lastKnownFileType = sourcecode.swift; path = ViewController.swift; sourceTree = "<group>"; };
		DEAE76B51F03EC0300F46169 /* Base */ = {isa = PBXFileReference; lastKnownFileType = file.storyboard; name = Base; path = Base.lproj/Main.storyboard; sourceTree = "<group>"; };
		DEAE76B71F03EC0300F46169 /* Assets.xcassets */ = {isa = PBXFileReference; lastKnownFileType = folder.assetcatalog; path = Assets.xcassets; sourceTree = "<group>"; };
		DEAE76BA1F03EC0300F46169 /* Base */ = {isa = PBXFileReference; lastKnownFileType = file.storyboard; name = Base; path = Base.lproj/LaunchScreen.storyboard; sourceTree = "<group>"; };
		DEAE76BC1F03EC0300F46169 /* Info.plist */ = {isa = PBXFileReference; lastKnownFileType = text.plist.xml; path = Info.plist; sourceTree = "<group>"; };
/* End PBXFileReference section */

/* Begin PBXFrameworksBuildPhase section */
		DEAE76AA1F03EC0300F46169 /* Frameworks */ = {
			isa = PBXFrameworksBuildPhase;
			buildActionMask = 2147483647;
			files = (
			);
			runOnlyForDeploymentPostprocessing = 0;
		};
/* End PBXFrameworksBuildPhase section */

/* Begin PBXGroup section */
		DEAE76A41F03EC0300F46169 = {
			isa = PBXGroup;
			children = (
				DEAE76AF1F03EC0300F46169 /* showPlaceOnMap */,
				DEAE76AE1F03EC0300F46169 /* Products */,
			);
			sourceTree = "<group>";
		};
		DEAE76AE1F03EC0300F46169 /* Products */ = {
			isa = PBXGroup;
			children = (
				DEAE76AD1F03EC0300F46169 /* showPlaceOnMap.app */,
			);
			name = Products;
			sourceTree = "<group>";
		};
		DEAE76AF1F03EC0300F46169 /* showPlaceOnMap */ = {
			isa = PBXGroup;
			children = (
				DEAE76B01F03EC0300F46169 /* AppDelegate.swift */,
				DEAE76B21F03EC0300F46169 /* ViewController.swift */,
				DEAE76B41F03EC0300F46169 /* Main.storyboard */,
				DEAE76B71F03EC0300F46169 /* Assets.xcassets */,
				DEAE76B91F03EC0300F46169 /* LaunchScreen.storyboard */,
				DEAE76BC1F03EC0300F46169 /* Info.plist */,
			);
			path = showPlaceOnMap;
			sourceTree = "<group>";
		};
/* End PBXGroup section */

/* Begin PBXNativeTarget section */
		DEAE76AC1F03EC0300F46169 /* showPlaceOnMap */ = {
			isa = PBXNativeTarget;
			buildConfigurationList = DEAE76BF1F03EC0300F46169 /* Build configuration list for PBXNativeTarget "showPlaceOnMap" */;
			buildPhases = (
				DEAE76A91F03EC0300F46169 /* Sources */,
				DEAE76AA1F03EC0300F46169 /* Frameworks */,
				DEAE76AB1F03EC0300F46169 /* Resources */,
			);
			buildRules = (
			);
			dependencies = (
			);
			name = showPlaceOnMap;
			productName = showPlaceOnMap;
			productReference = DEAE76AD1F03EC0300F46169 /* showPlaceOnMap.app */;
			productType = "com.apple.product-type.application";
		};
/* End PBXNativeTarget section */

/* Begin PBXProject section */
		DEAE76A51F03EC0300F46169 /* Project object */ = {
			isa = PBXProject;
			attributes = {
				LastSwiftUpdateCheck = 0830;
				LastUpgradeCheck = 0830;
				ORGANIZATIONNAME = MAGNUMIUM;
				TargetAttributes = {
					DEAE76AC1F03EC0300F46169 = {
						CreatedOnToolsVersion = 8.3.2;
						DevelopmentTeam = ADARLC8T7J;
						ProvisioningStyle = Automatic;
					};
				};
			};
			buildConfigurationList = DEAE76A81F03EC0300F46169 /* Build configuration list for PBXProject "showPlaceOnMap" */;
			compatibilityVersion = "Xcode 3.2";
			developmentRegion = English;
			hasScannedForEncodings = 0;
			knownRegions = (
				en,
				Base,
			);
			mainGroup = DEAE76A41F03EC0300F46169;
			productRefGroup = DEAE76AE1F03EC0300F46169 /* Products */;
			projectDirPath = "";
			projectRoot = "";
			targets = (
				DEAE76AC1F03EC0300F46169 /* showPlaceOnMap */,
			);
		};
/* End PBXProject section */

/* Begin PBXResourcesBuildPhase section */
		DEAE76AB1F03EC0300F46169 /* Resources */ = {
			isa = PBXResourcesBuildPhase;
			buildActionMask = 2147483647;
			files = (
				DEAE76BB1F03EC0300F46169 /* LaunchScreen.storyboard in Resources */,
				DEAE76B81F03EC0300F46169 /* Assets.xcassets in Resources */,
				DEAE76B61F03EC0300F46169 /* Main.storyboard in Resources */,
			);
			runOnlyForDeploymentPostprocessing = 0;
		};
/* End PBXResourcesBuildPhase section */

/* Begin PBXSourcesBuildPhase section */
		DEAE76A91F03EC0300F46169 /* Sources */ = {
			isa = PBXSourcesBuildPhase;
			buildActionMask = 2147483647;
			files = (
				DEAE76B31F03EC0300F46169 /* ViewController.swift in Sources */,
				DEAE76B11F03EC0300F46169 /* AppDelegate.swift in Sources */,
			);
			runOnlyForDeploymentPostprocessing = 0;
		};
/* End PBXSourcesBuildPhase section */

/* Begin PBXVariantGroup section */
		DEAE76B41F03EC0300F46169 /* Main.storyboard */ = {
			isa = PBXVariantGroup;
			children = (
				DEAE76B51F03EC0300F46169 /* Base */,
			);
			name = Main.storyboard;
			sourceTree = "<group>";
		};
		DEAE76B91F03EC0300F46169 /* LaunchScreen.storyboard */ = {
			isa = PBXVariantGroup;
			children = (
				DEAE76BA1F03EC0300F46169 /* Base */,
			);
			name = LaunchScreen.storyboard;
			sourceTree = "<group>";
		};
/* End PBXVariantGroup section */

/* Begin XCBuildConfiguration section */
		DEAE76BD1F03EC0300F46169 /* Debug */ = {
			isa = XCBuildConfiguration;
			buildSettings = {
				ALWAYS_SEARCH_USER_PATHS = NO;
				CLANG_ANALYZER_NONNULL = YES;
				CLANG_ANALYZER_NUMBER_OBJECT_CONVERSION = YES_AGGRESSIVE;
				CLANG_CXX_LANGUAGE_STANDARD = "gnu++0x";
				CLANG_CXX_LIBRARY = "libc++";
				CLANG_ENABLE_MODULES = YES;
				CLANG_ENABLE_OBJC_ARC = YES;
				CLANG_WARN_BOOL_CONVERSION = YES;
				CLANG_WARN_CONSTANT_CONVERSION = YES;
				CLANG_WARN_DIRECT_OBJC_ISA_USAGE = YES_ERROR;
				CLANG_WARN_DOCUMENTATION_COMMENTS = YES;
				CLANG_WARN_EMPTY_BODY = YES;
				CLANG_WARN_ENUM_CONVERSION = YES;
				CLANG_WARN_INFINITE_RECURSION = YES;
				CLANG_WARN_INT_CONVERSION = YES;
				CLANG_WARN_OBJC_ROOT_CLASS = YES_ERROR;
				CLANG_WARN_SUSPICIOUS_MOVE = YES;
				CLANG_WARN_UNREACHABLE_CODE = YES;
				CLANG_WARN__DUPLICATE_METHOD_MATCH = YES;
				"CODE_SIGN_IDENTITY[sdk=iphoneos*]" = "iPhone Developer";
				COPY_PHASE_STRIP = NO;
				DEBUG_INFORMATION_FORMAT = dwarf;
				ENABLE_STRICT_OBJC_MSGSEND = YES;
				ENABLE_TESTABILITY = YES;
				GCC_C_LANGUAGE_STANDARD = gnu99;
				GCC_DYNAMIC_NO_PIC = NO;
				GCC_NO_COMMON_BLOCKS = YES;
				GCC_OPTIMIZATION_LEVEL = 0;
				GCC_PREPROCESSOR_DEFINITIONS = (
					"DEBUG=1",
					"$(inherited)",
				);
				GCC_WARN_64_TO_32_BIT_CONVERSION = YES;
				GCC_WARN_ABOUT_RETURN_TYPE = YES_ERROR;
				GCC_WARN_UNDECLARED_SELECTOR = YES;
				GCC_WARN_UNINITIALIZED_AUTOS = YES_AGGRESSIVE;
				GCC_WARN_UNUSED_FUNCTION = YES;
				GCC_WARN_UNUSED_VARIABLE = YES;
				IPHONEOS_DEPLOYMENT_TARGET = 10.3;
				MTL_ENABLE_DEBUG_INFO = YES;
				ONLY_ACTIVE_ARCH = YES;
				SDKROOT = iphoneos;
				SWIFT_ACTIVE_COMPILATION_CONDITIONS = DEBUG;
				SWIFT_OPTIMIZATION_LEVEL = "-Onone";
			};
			name = Debug;
		};
		DEAE76BE1F03EC0300F46169 /* Release */ = {
			isa = XCBuildConfiguration;
			buildSettings = {
				ALWAYS_SEARCH_USER_PATHS = NO;
				CLANG_ANALYZER_NONNULL = YES;
				CLANG_ANALYZER_NUMBER_OBJECT_CONVERSION = YES_AGGRESSIVE;
				CLANG_CXX_LANGUAGE_STANDARD = "gnu++0x";
				CLANG_CXX_LIBRARY = "libc++";
				CLANG_ENABLE_MODULES = YES;
				CLANG_ENABLE_OBJC_ARC = YES;
				CLANG_WARN_BOOL_CONVERSION = YES;
				CLANG_WARN_CONSTANT_CONVERSION = YES;
				CLANG_WARN_DIRECT_OBJC_ISA_USAGE = YES_ERROR;
				CLANG_WARN_DOCUMENTATION_COMMENTS = YES;
				CLANG_WARN_EMPTY_BODY = YES;
				CLANG_WARN_ENUM_CONVERSION = YES;
				CLANG_WARN_INFINITE_RECURSION = YES;
				CLANG_WARN_INT_CONVERSION = YES;
				CLANG_WARN_OBJC_ROOT_CLASS = YES_ERROR;
				CLANG_WARN_SUSPICIOUS_MOVE = YES;
				CLANG_WARN_UNREACHABLE_CODE = YES;
				CLANG_WARN__DUPLICATE_METHOD_MATCH = YES;
				"CODE_SIGN_IDENTITY[sdk=iphoneos*]" = "iPhone Developer";
				COPY_PHASE_STRIP = NO;
				DEBUG_INFORMATION_FORMAT = "dwarf-with-dsym";
				ENABLE_NS_ASSERTIONS = NO;
				ENABLE_STRICT_OBJC_MSGSEND = YES;
				GCC_C_LANGUAGE_STANDARD = gnu99;
				GCC_NO_COMMON_BLOCKS = YES;
				GCC_WARN_64_TO_32_BIT_CONVERSION = YES;
				GCC_WARN_ABOUT_RETURN_TYPE = YES_ERROR;
				GCC_WARN_UNDECLARED_SELECTOR = YES;
				GCC_WARN_UNINITIALIZED_AUTOS = YES_AGGRESSIVE;
				GCC_WARN_UNUSED_FUNCTION = YES;
				GCC_WARN_UNUSED_VARIABLE = YES;
				IPHONEOS_DEPLOYMENT_TARGET = 10.3;
				MTL_ENABLE_DEBUG_INFO = NO;
				SDKROOT = iphoneos;
				SWIFT_OPTIMIZATION_LEVEL = "-Owholemodule";
				VALIDATE_PRODUCT = YES;
			};
			name = Release;
		};
		DEAE76C01F03EC0300F46169 /* Debug */ = {
			isa = XCBuildConfiguration;
			buildSettings = {
				ASSETCATALOG_COMPILER_APPICON_NAME = AppIcon;
				DEVELOPMENT_TEAM = ADARLC8T7J;
				INFOPLIST_FILE = showPlaceOnMap/Info.plist;
				LD_RUNPATH_SEARCH_PATHS = "$(inherited) @executable_path/Frameworks";
				PRODUCT_BUNDLE_IDENTIFIER = com.magnumium.showPlaceOnMap;
				PRODUCT_NAME = "$(TARGET_NAME)";
				SWIFT_VERSION = 3.0;
			};
			name = Debug;
		};
		DEAE76C11F03EC0300F46169 /* Release */ = {
			isa = XCBuildConfiguration;
			buildSettings = {
				ASSETCATALOG_COMPILER_APPICON_NAME = AppIcon;
				DEVELOPMENT_TEAM = ADARLC8T7J;
				INFOPLIST_FILE = showPlaceOnMap/Info.plist;
				LD_RUNPATH_SEARCH_PATHS = "$(inherited) @executable_path/Frameworks";
				PRODUCT_BUNDLE_IDENTIFIER = com.magnumium.showPlaceOnMap;
				PRODUCT_NAME = "$(TARGET_NAME)";
				SWIFT_VERSION = 3.0;
			};
			name = Release;
		};
/* End XCBuildConfiguration section */

/* Begin XCConfigurationList section */
		DEAE76A81F03EC0300F46169 /* Build configuration list for PBXProject "showPlaceOnMap" */ = {
			isa = XCConfigurationList;
			buildConfigurations = (
				DEAE76BD1F03EC0300F46169 /* Debug */,
				DEAE76BE1F03EC0300F46169 /* Release */,
			);
			defaultConfigurationIsVisible = 0;
			defaultConfigurationName = Release;
		};
		DEAE76BF1F03EC0300F46169 /* Build configuration list for PBXNativeTarget "showPlaceOnMap" */ = {
			isa = XCConfigurationList;
			buildConfigurations = (
				DEAE76C01F03EC0300F46169 /* Debug */,
				DEAE76C11F03EC0300F46169 /* Release */,
			);
			defaultConfigurationIsVisible = 0;
			defaultConfigurationName = Release;
		};
/* End XCConfigurationList section */
	};
	rootObject = DEAE76A51F03EC0300F46169 /* Project object */;
}
