// !$*UTF8*$!
{
	archiveVersion = 1;
	classes = {
	};
	objectVersion = 48;
	objects = {

/* Begin PBXBuildFile section */
		1B54CC6422026CB700CB0FE9 /* AppDelegate.swift in Sources */ = {isa = PBXBuildFile; fileRef = 1B54CC6322026CB700CB0FE9 /* AppDelegate.swift */; };
		1B54CC6622026CB700CB0FE9 /* ViewController.swift in Sources */ = {isa = PBXBuildFile; fileRef = 1B54CC6522026CB700CB0FE9 /* ViewController.swift */; };
		1B54CC6922026CB700CB0FE9 /* Main.storyboard in Resources */ = {isa = PBXBuildFile; fileRef = 1B54CC6722026CB700CB0FE9 /* Main.storyboard */; };
		1B54CC6B22026CB700CB0FE9 /* Assets.xcassets in Resources */ = {isa = PBXBuildFile; fileRef = 1B54CC6A22026CB700CB0FE9 /* Assets.xcassets */; };
		1B54CC6E22026CB700CB0FE9 /* LaunchScreen.storyboard in Resources */ = {isa = PBXBuildFile; fileRef = 1B54CC6C22026CB700CB0FE9 /* LaunchScreen.storyboard */; };
/* End PBXBuildFile section */

/* Begin PBXContainerItemProxy section */
		1B54CC7522026CB800CB0FE9 /* PBXContainerItemProxy */ = {
			isa = PBXContainerItemProxy;
			containerPortal = 1B54CC5822026CB400CB0FE9 /* Project object */;
			proxyType = 1;
			remoteGlobalIDString = 1B54CC5F22026CB500CB0FE9;
			remoteInfo = Mapeo;
		};
		1B54CC8022026CB800CB0FE9 /* PBXContainerItemProxy */ = {
			isa = PBXContainerItemProxy;
			containerPortal = 1B54CC5822026CB400CB0FE9 /* Project object */;
			proxyType = 1;
			remoteGlobalIDString = 1B54CC5F22026CB500CB0FE9;
			remoteInfo = Mapeo;
		};
/* End PBXContainerItemProxy section */

/* Begin PBXFileReference section */
		1B54CC6022026CB500CB0FE9 /* Mapeo.app */ = {isa = PBXFileReference; explicitFileType = wrapper.application; includeInIndex = 0; path = Mapeo.app; sourceTree = BUILT_PRODUCTS_DIR; };
		1B54CC6322026CB700CB0FE9 /* AppDelegate.swift */ = {isa = PBXFileReference; lastKnownFileType = sourcecode.swift; path = AppDelegate.swift; sourceTree = "<group>"; };
		1B54CC6522026CB700CB0FE9 /* ViewController.swift */ = {isa = PBXFileReference; lastKnownFileType = sourcecode.swift; path = ViewController.swift; sourceTree = "<group>"; };
		1B54CC6822026CB700CB0FE9 /* Base */ = {isa = PBXFileReference; lastKnownFileType = file.storyboard; name = Base; path = Base.lproj/Main.storyboard; sourceTree = "<group>"; };
		1B54CC6A22026CB700CB0FE9 /* Assets.xcassets */ = {isa = PBXFileReference; lastKnownFileType = folder.assetcatalog; path = Assets.xcassets; sourceTree = "<group>"; };
		1B54CC6D22026CB700CB0FE9 /* Base */ = {isa = PBXFileReference; lastKnownFileType = file.storyboard; name = Base; path = Base.lproj/LaunchScreen.storyboard; sourceTree = "<group>"; };
		1B54CC6F22026CB700CB0FE9 /* Info.plist */ = {isa = PBXFileReference; lastKnownFileType = text.plist.xml; path = Info.plist; sourceTree = "<group>"; };
		1B54CC7422026CB800CB0FE9 /* MapeoTests.xctest */ = {isa = PBXFileReference; explicitFileType = wrapper.cfbundle; includeInIndex = 0; path = MapeoTests.xctest; sourceTree = BUILT_PRODUCTS_DIR; };
		1B54CC7F22026CB800CB0FE9 /* MapeoUITests.xctest */ = {isa = PBXFileReference; explicitFileType = wrapper.cfbundle; includeInIndex = 0; path = MapeoUITests.xctest; sourceTree = BUILT_PRODUCTS_DIR; };
/* End PBXFileReference section */

/* Begin PBXFrameworksBuildPhase section */
		1B54CC5D22026CB500CB0FE9 /* Frameworks */ = {
			isa = PBXFrameworksBuildPhase;
			buildActionMask = 2147483647;
			files = (
			);
			runOnlyForDeploymentPostprocessing = 0;
		};
		1B54CC7122026CB800CB0FE9 /* Frameworks */ = {
			isa = PBXFrameworksBuildPhase;
			buildActionMask = 2147483647;
			files = (
			);
			runOnlyForDeploymentPostprocessing = 0;
		};
		1B54CC7C22026CB800CB0FE9 /* Frameworks */ = {
			isa = PBXFrameworksBuildPhase;
			buildActionMask = 2147483647;
			files = (
			);
			runOnlyForDeploymentPostprocessing = 0;
		};
/* End PBXFrameworksBuildPhase section */

/* Begin PBXGroup section */
		1B54CC5722026CB400CB0FE9 = {
			isa = PBXGroup;
			children = (
				1B54CC6222026CB500CB0FE9 /* Mapeo */,
				1B54CC6122026CB500CB0FE9 /* Products */,
			);
			sourceTree = "<group>";
		};
		1B54CC6122026CB500CB0FE9 /* Products */ = {
			isa = PBXGroup;
			children = (
				1B54CC6022026CB500CB0FE9 /* Mapeo.app */,
				1B54CC7422026CB800CB0FE9 /* MapeoTests.xctest */,
				1B54CC7F22026CB800CB0FE9 /* MapeoUITests.xctest */,
			);
			name = Products;
			sourceTree = "<group>";
		};
		1B54CC6222026CB500CB0FE9 /* Mapeo */ = {
			isa = PBXGroup;
			children = (
				1B54CC6322026CB700CB0FE9 /* AppDelegate.swift */,
				1B54CC6522026CB700CB0FE9 /* ViewController.swift */,
				1B54CC6722026CB700CB0FE9 /* Main.storyboard */,
				1B54CC6A22026CB700CB0FE9 /* Assets.xcassets */,
				1B54CC6C22026CB700CB0FE9 /* LaunchScreen.storyboard */,
				1B54CC6F22026CB700CB0FE9 /* Info.plist */,
			);
			path = Mapeo;
			sourceTree = "<group>";
		};
/* End PBXGroup section */

/* Begin PBXNativeTarget section */
		1B54CC5F22026CB500CB0FE9 /* Mapeo */ = {
			isa = PBXNativeTarget;
			buildConfigurationList = 1B54CC8822026CBB00CB0FE9 /* Build configuration list for PBXNativeTarget "Mapeo" */;
			buildPhases = (
				1B54CC5C22026CB500CB0FE9 /* Sources */,
				1B54CC5D22026CB500CB0FE9 /* Frameworks */,
				1B54CC5E22026CB500CB0FE9 /* Resources */,
			);
			buildRules = (
			);
			dependencies = (
			);
			name = Mapeo;
			productName = Mapeo;
			productReference = 1B54CC6022026CB500CB0FE9 /* Mapeo.app */;
			productType = "com.apple.product-type.application";
		};
		1B54CC7322026CB800CB0FE9 /* MapeoTests */ = {
			isa = PBXNativeTarget;
			buildConfigurationList = 1B54CC8B22026CBB00CB0FE9 /* Build configuration list for PBXNativeTarget "MapeoTests" */;
			buildPhases = (
				1B54CC7022026CB800CB0FE9 /* Sources */,
				1B54CC7122026CB800CB0FE9 /* Frameworks */,
				1B54CC7222026CB800CB0FE9 /* Resources */,
			);
			buildRules = (
			);
			dependencies = (
				1B54CC7622026CB800CB0FE9 /* PBXTargetDependency */,
			);
			name = MapeoTests;
			productName = MapeoTests;
			productReference = 1B54CC7422026CB800CB0FE9 /* MapeoTests.xctest */;
			productType = "com.apple.product-type.bundle.unit-test";
		};
		1B54CC7E22026CB800CB0FE9 /* MapeoUITests */ = {
			isa = PBXNativeTarget;
			buildConfigurationList = 1B54CC8E22026CBB00CB0FE9 /* Build configuration list for PBXNativeTarget "MapeoUITests" */;
			buildPhases = (
				1B54CC7B22026CB800CB0FE9 /* Sources */,
				1B54CC7C22026CB800CB0FE9 /* Frameworks */,
				1B54CC7D22026CB800CB0FE9 /* Resources */,
			);
			buildRules = (
			);
			dependencies = (
				1B54CC8122026CB800CB0FE9 /* PBXTargetDependency */,
			);
			name = MapeoUITests;
			productName = MapeoUITests;
			productReference = 1B54CC7F22026CB800CB0FE9 /* MapeoUITests.xctest */;
			productType = "com.apple.product-type.bundle.ui-testing";
		};
/* End PBXNativeTarget section */

/* Begin PBXProject section */
		1B54CC5822026CB400CB0FE9 /* Project object */ = {
			isa = PBXProject;
			attributes = {
				LastSwiftUpdateCheck = 0900;
				LastUpgradeCheck = 0900;
				ORGANIZATIONNAME = "Miguel Angel Garzon Orjuela";
				TargetAttributes = {
					1B54CC5F22026CB500CB0FE9 = {
						CreatedOnToolsVersion = 9.0.1;
						ProvisioningStyle = Automatic;
					};
					1B54CC7322026CB800CB0FE9 = {
						CreatedOnToolsVersion = 9.0.1;
						ProvisioningStyle = Automatic;
						TestTargetID = 1B54CC5F22026CB500CB0FE9;
					};
					1B54CC7E22026CB800CB0FE9 = {
						CreatedOnToolsVersion = 9.0.1;
						ProvisioningStyle = Automatic;
						TestTargetID = 1B54CC5F22026CB500CB0FE9;
					};
				};
			};
			buildConfigurationList = 1B54CC5B22026CB400CB0FE9 /* Build configuration list for PBXProject "Mapeo" */;
			compatibilityVersion = "Xcode 8.0";
			developmentRegion = en;
			hasScannedForEncodings = 0;
			knownRegions = (
				en,
				Base,
			);
			mainGroup = 1B54CC5722026CB400CB0FE9;
			productRefGroup = 1B54CC6122026CB500CB0FE9 /* Products */;
			projectDirPath = "";
			projectRoot = "";
			targets = (
				1B54CC5F22026CB500CB0FE9 /* Mapeo */,
				1B54CC7322026CB800CB0FE9 /* MapeoTests */,
				1B54CC7E22026CB800CB0FE9 /* MapeoUITests */,
			);
		};
/* End PBXProject section */

/* Begin PBXResourcesBuildPhase section */
		1B54CC5E22026CB500CB0FE9 /* Resources */ = {
			isa = PBXResourcesBuildPhase;
			buildActionMask = 2147483647;
			files = (
				1B54CC6E22026CB700CB0FE9 /* LaunchScreen.storyboard in Resources */,
				1B54CC6B22026CB700CB0FE9 /* Assets.xcassets in Resources */,
				1B54CC6922026CB700CB0FE9 /* Main.storyboard in Resources */,
			);
			runOnlyForDeploymentPostprocessing = 0;
		};
		1B54CC7222026CB800CB0FE9 /* Resources */ = {
			isa = PBXResourcesBuildPhase;
			buildActionMask = 2147483647;
			files = (
			);
			runOnlyForDeploymentPostprocessing = 0;
		};
		1B54CC7D22026CB800CB0FE9 /* Resources */ = {
			isa = PBXResourcesBuildPhase;
			buildActionMask = 2147483647;
			files = (
			);
			runOnlyForDeploymentPostprocessing = 0;
		};
/* End PBXResourcesBuildPhase section */

/* Begin PBXSourcesBuildPhase section */
		1B54CC5C22026CB500CB0FE9 /* Sources */ = {
			isa = PBXSourcesBuildPhase;
			buildActionMask = 2147483647;
			files = (
				1B54CC6622026CB700CB0FE9 /* ViewController.swift in Sources */,
				1B54CC6422026CB700CB0FE9 /* AppDelegate.swift in Sources */,
			);
			runOnlyForDeploymentPostprocessing = 0;
		};
		1B54CC7022026CB800CB0FE9 /* Sources */ = {
			isa = PBXSourcesBuildPhase;
			buildActionMask = 2147483647;
			files = (
			);
			runOnlyForDeploymentPostprocessing = 0;
		};
		1B54CC7B22026CB800CB0FE9 /* Sources */ = {
			isa = PBXSourcesBuildPhase;
			buildActionMask = 2147483647;
			files = (
			);
			runOnlyForDeploymentPostprocessing = 0;
		};
/* End PBXSourcesBuildPhase section */

/* Begin PBXTargetDependency section */
		1B54CC7622026CB800CB0FE9 /* PBXTargetDependency */ = {
			isa = PBXTargetDependency;
			target = 1B54CC5F22026CB500CB0FE9 /* Mapeo */;
			targetProxy = 1B54CC7522026CB800CB0FE9 /* PBXContainerItemProxy */;
		};
		1B54CC8122026CB800CB0FE9 /* PBXTargetDependency */ = {
			isa = PBXTargetDependency;
			target = 1B54CC5F22026CB500CB0FE9 /* Mapeo */;
			targetProxy = 1B54CC8022026CB800CB0FE9 /* PBXContainerItemProxy */;
		};
/* End PBXTargetDependency section */

/* Begin PBXVariantGroup section */
		1B54CC6722026CB700CB0FE9 /* Main.storyboard */ = {
			isa = PBXVariantGroup;
			children = (
				1B54CC6822026CB700CB0FE9 /* Base */,
			);
			name = Main.storyboard;
			sourceTree = "<group>";
		};
		1B54CC6C22026CB700CB0FE9 /* LaunchScreen.storyboard */ = {
			isa = PBXVariantGroup;
			children = (
				1B54CC6D22026CB700CB0FE9 /* Base */,
			);
			name = LaunchScreen.storyboard;
			sourceTree = "<group>";
		};
/* End PBXVariantGroup section */

/* Begin XCBuildConfiguration section */
		1B54CC8622026CBB00CB0FE9 /* Debug */ = {
			isa = XCBuildConfiguration;
			buildSettings = {
				ALWAYS_SEARCH_USER_PATHS = NO;
				CLANG_ANALYZER_NONNULL = YES;
				CLANG_ANALYZER_NUMBER_OBJECT_CONVERSION = YES_AGGRESSIVE;
				CLANG_CXX_LANGUAGE_STANDARD = "gnu++14";
				CLANG_CXX_LIBRARY = "libc++";
				CLANG_ENABLE_MODULES = YES;
				CLANG_ENABLE_OBJC_ARC = YES;
				CLANG_WARN_BLOCK_CAPTURE_AUTORELEASING = YES;
				CLANG_WARN_BOOL_CONVERSION = YES;
				CLANG_WARN_COMMA = YES;
				CLANG_WARN_CONSTANT_CONVERSION = YES;
				CLANG_WARN_DIRECT_OBJC_ISA_USAGE = YES_ERROR;
				CLANG_WARN_DOCUMENTATION_COMMENTS = YES;
				CLANG_WARN_EMPTY_BODY = YES;
				CLANG_WARN_ENUM_CONVERSION = YES;
				CLANG_WARN_INFINITE_RECURSION = YES;
				CLANG_WARN_INT_CONVERSION = YES;
				CLANG_WARN_NON_LITERAL_NULL_CONVERSION = YES;
				CLANG_WARN_OBJC_LITERAL_CONVERSION = YES;
				CLANG_WARN_OBJC_ROOT_CLASS = YES_ERROR;
				CLANG_WARN_RANGE_LOOP_ANALYSIS = YES;
				CLANG_WARN_STRICT_PROTOTYPES = YES;
				CLANG_WARN_SUSPICIOUS_MOVE = YES;
				CLANG_WARN_UNGUARDED_AVAILABILITY = YES_AGGRESSIVE;
				CLANG_WARN_UNREACHABLE_CODE = YES;
				CLANG_WARN__DUPLICATE_METHOD_MATCH = YES;
				CODE_SIGN_IDENTITY = "iPhone Developer";
				COPY_PHASE_STRIP = NO;
				DEBUG_INFORMATION_FORMAT = dwarf;
				ENABLE_STRICT_OBJC_MSGSEND = YES;
				ENABLE_TESTABILITY = YES;
				GCC_C_LANGUAGE_STANDARD = gnu11;
				GCC_DYNAMIC_NO_PIC = NO;
				GCC_NO_COMMON_BLOCKS = YES;
				GCC_OPTIMIZATION_LEVEL = 0;
				GCC_PREPROCESSOR_DEFINITIONS = (
					"DEBUG=1",
					"$(inherited)",
				);
				GCC_WARN_64_TO_32_BIT_CONVERSION = YES;
				GCC_WARN_ABOUT_RETURN_TYPE = YES_ERROR;
				GCC_WARN_UNDECLARED_SELECTOR = YES;
				GCC_WARN_UNINITIALIZED_AUTOS = YES_AGGRESSIVE;
				GCC_WARN_UNUSED_FUNCTION = YES;
				GCC_WARN_UNUSED_VARIABLE = YES;
				IPHONEOS_DEPLOYMENT_TARGET = 11.0;
				MTL_ENABLE_DEBUG_INFO = YES;
				ONLY_ACTIVE_ARCH = YES;
				SDKROOT = iphoneos;
				SWIFT_ACTIVE_COMPILATION_CONDITIONS = DEBUG;
				SWIFT_OPTIMIZATION_LEVEL = "-Onone";
			};
			name = Debug;
		};
		1B54CC8722026CBB00CB0FE9 /* Release */ = {
			isa = XCBuildConfiguration;
			buildSettings = {
				ALWAYS_SEARCH_USER_PATHS = NO;
				CLANG_ANALYZER_NONNULL = YES;
				CLANG_ANALYZER_NUMBER_OBJECT_CONVERSION = YES_AGGRESSIVE;
				CLANG_CXX_LANGUAGE_STANDARD = "gnu++14";
				CLANG_CXX_LIBRARY = "libc++";
				CLANG_ENABLE_MODULES = YES;
				CLANG_ENABLE_OBJC_ARC = YES;
				CLANG_WARN_BLOCK_CAPTURE_AUTORELEASING = YES;
				CLANG_WARN_BOOL_CONVERSION = YES;
				CLANG_WARN_COMMA = YES;
				CLANG_WARN_CONSTANT_CONVERSION = YES;
				CLANG_WARN_DIRECT_OBJC_ISA_USAGE = YES_ERROR;
				CLANG_WARN_DOCUMENTATION_COMMENTS = YES;
				CLANG_WARN_EMPTY_BODY = YES;
				CLANG_WARN_ENUM_CONVERSION = YES;
				CLANG_WARN_INFINITE_RECURSION = YES;
				CLANG_WARN_INT_CONVERSION = YES;
				CLANG_WARN_NON_LITERAL_NULL_CONVERSION = YES;
				CLANG_WARN_OBJC_LITERAL_CONVERSION = YES;
				CLANG_WARN_OBJC_ROOT_CLASS = YES_ERROR;
				CLANG_WARN_RANGE_LOOP_ANALYSIS = YES;
				CLANG_WARN_STRICT_PROTOTYPES = YES;
				CLANG_WARN_SUSPICIOUS_MOVE = YES;
				CLANG_WARN_UNGUARDED_AVAILABILITY = YES_AGGRESSIVE;
				CLANG_WARN_UNREACHABLE_CODE = YES;
				CLANG_WARN__DUPLICATE_METHOD_MATCH = YES;
				CODE_SIGN_IDENTITY = "iPhone Developer";
				COPY_PHASE_STRIP = NO;
				DEBUG_INFORMATION_FORMAT = "dwarf-with-dsym";
				ENABLE_NS_ASSERTIONS = NO;
				ENABLE_STRICT_OBJC_MSGSEND = YES;
				GCC_C_LANGUAGE_STANDARD = gnu11;
				GCC_NO_COMMON_BLOCKS = YES;
				GCC_WARN_64_TO_32_BIT_CONVERSION = YES;
				GCC_WARN_ABOUT_RETURN_TYPE = YES_ERROR;
				GCC_WARN_UNDECLARED_SELECTOR = YES;
				GCC_WARN_UNINITIALIZED_AUTOS = YES_AGGRESSIVE;
				GCC_WARN_UNUSED_FUNCTION = YES;
				GCC_WARN_UNUSED_VARIABLE = YES;
				IPHONEOS_DEPLOYMENT_TARGET = 11.0;
				MTL_ENABLE_DEBUG_INFO = NO;
				SDKROOT = iphoneos;
				SWIFT_OPTIMIZATION_LEVEL = "-Owholemodule";
				VALIDATE_PRODUCT = YES;
			};
			name = Release;
		};
		1B54CC8922026CBB00CB0FE9 /* Debug */ = {
			isa = XCBuildConfiguration;
			buildSettings = {
				ASSETCATALOG_COMPILER_APPICON_NAME = AppIcon;
				CODE_SIGN_STYLE = Automatic;
				DEVELOPMENT_TEAM = ADARLC8T7J;
				INFOPLIST_FILE = Mapeo/Info.plist;
				LD_RUNPATH_SEARCH_PATHS = "$(inherited) @executable_path/Frameworks";
				PRODUCT_BUNDLE_IDENTIFIER = Seneka.Mapeo;
				PRODUCT_NAME = "$(TARGET_NAME)";
				SWIFT_VERSION = 4.0;
				TARGETED_DEVICE_FAMILY = "1,2";
			};
			name = Debug;
		};
		1B54CC8A22026CBB00CB0FE9 /* Release */ = {
			isa = XCBuildConfiguration;
			buildSettings = {
				ASSETCATALOG_COMPILER_APPICON_NAME = AppIcon;
				CODE_SIGN_STYLE = Automatic;
				DEVELOPMENT_TEAM = ADARLC8T7J;
				INFOPLIST_FILE = Mapeo/Info.plist;
				LD_RUNPATH_SEARCH_PATHS = "$(inherited) @executable_path/Frameworks";
				PRODUCT_BUNDLE_IDENTIFIER = Seneka.Mapeo;
				PRODUCT_NAME = "$(TARGET_NAME)";
				SWIFT_VERSION = 4.0;
				TARGETED_DEVICE_FAMILY = "1,2";
			};
			name = Release;
		};
		1B54CC8C22026CBB00CB0FE9 /* Debug */ = {
			isa = XCBuildConfiguration;
			buildSettings = {
				ALWAYS_EMBED_SWIFT_STANDARD_LIBRARIES = YES;
				BUNDLE_LOADER = "$(TEST_HOST)";
				CODE_SIGN_STYLE = Automatic;
				INFOPLIST_FILE = MapeoTests/Info.plist;
				LD_RUNPATH_SEARCH_PATHS = "$(inherited) @executable_path/Frameworks @loader_path/Frameworks";
				PRODUCT_BUNDLE_IDENTIFIER = Seneka.MapeoTests;
				PRODUCT_NAME = "$(TARGET_NAME)";
				SWIFT_VERSION = 4.0;
				TARGETED_DEVICE_FAMILY = "1,2";
				TEST_HOST = "$(BUILT_PRODUCTS_DIR)/Mapeo.app/Mapeo";
			};
			name = Debug;
		};
		1B54CC8D22026CBB00CB0FE9 /* Release */ = {
			isa = XCBuildConfiguration;
			buildSettings = {
				ALWAYS_EMBED_SWIFT_STANDARD_LIBRARIES = YES;
				BUNDLE_LOADER = "$(TEST_HOST)";
				CODE_SIGN_STYLE = Automatic;
				INFOPLIST_FILE = MapeoTests/Info.plist;
				LD_RUNPATH_SEARCH_PATHS = "$(inherited) @executable_path/Frameworks @loader_path/Frameworks";
				PRODUCT_BUNDLE_IDENTIFIER = Seneka.MapeoTests;
				PRODUCT_NAME = "$(TARGET_NAME)";
				SWIFT_VERSION = 4.0;
				TARGETED_DEVICE_FAMILY = "1,2";
				TEST_HOST = "$(BUILT_PRODUCTS_DIR)/Mapeo.app/Mapeo";
			};
			name = Release;
		};
		1B54CC8F22026CBB00CB0FE9 /* Debug */ = {
			isa = XCBuildConfiguration;
			buildSettings = {
				ALWAYS_EMBED_SWIFT_STANDARD_LIBRARIES = YES;
				CODE_SIGN_STYLE = Automatic;
				INFOPLIST_FILE = MapeoUITests/Info.plist;
				LD_RUNPATH_SEARCH_PATHS = "$(inherited) @executable_path/Frameworks @loader_path/Frameworks";
				PRODUCT_BUNDLE_IDENTIFIER = Seneka.MapeoUITests;
				PRODUCT_NAME = "$(TARGET_NAME)";
				SWIFT_VERSION = 4.0;
				TARGETED_DEVICE_FAMILY = "1,2";
				TEST_TARGET_NAME = Mapeo;
			};
			name = Debug;
		};
		1B54CC9022026CBB00CB0FE9 /* Release */ = {
			isa = XCBuildConfiguration;
			buildSettings = {
				ALWAYS_EMBED_SWIFT_STANDARD_LIBRARIES = YES;
				CODE_SIGN_STYLE = Automatic;
				INFOPLIST_FILE = MapeoUITests/Info.plist;
				LD_RUNPATH_SEARCH_PATHS = "$(inherited) @executable_path/Frameworks @loader_path/Frameworks";
				PRODUCT_BUNDLE_IDENTIFIER = Seneka.MapeoUITests;
				PRODUCT_NAME = "$(TARGET_NAME)";
				SWIFT_VERSION = 4.0;
				TARGETED_DEVICE_FAMILY = "1,2";
				TEST_TARGET_NAME = Mapeo;
			};
			name = Release;
		};
/* End XCBuildConfiguration section */

/* Begin XCConfigurationList section */
		1B54CC5B22026CB400CB0FE9 /* Build configuration list for PBXProject "Mapeo" */ = {
			isa = XCConfigurationList;
			buildConfigurations = (
				1B54CC8622026CBB00CB0FE9 /* Debug */,
				1B54CC8722026CBB00CB0FE9 /* Release */,
			);
			defaultConfigurationIsVisible = 0;
			defaultConfigurationName = Release;
		};
		1B54CC8822026CBB00CB0FE9 /* Build configuration list for PBXNativeTarget "Mapeo" */ = {
			isa = XCConfigurationList;
			buildConfigurations = (
				1B54CC8922026CBB00CB0FE9 /* Debug */,
				1B54CC8A22026CBB00CB0FE9 /* Release */,
			);
			defaultConfigurationIsVisible = 0;
			defaultConfigurationName = Release;
		};
		1B54CC8B22026CBB00CB0FE9 /* Build configuration list for PBXNativeTarget "MapeoTests" */ = {
			isa = XCConfigurationList;
			buildConfigurations = (
				1B54CC8C22026CBB00CB0FE9 /* Debug */,
				1B54CC8D22026CBB00CB0FE9 /* Release */,
			);
			defaultConfigurationIsVisible = 0;
			defaultConfigurationName = Release;
		};
		1B54CC8E22026CBB00CB0FE9 /* Build configuration list for PBXNativeTarget "MapeoUITests" */ = {
			isa = XCConfigurationList;
			buildConfigurations = (
				1B54CC8F22026CBB00CB0FE9 /* Debug */,
				1B54CC9022026CBB00CB0FE9 /* Release */,
			);
			defaultConfigurationIsVisible = 0;
			defaultConfigurationName = Release;
		};
/* End XCConfigurationList section */
	};
	rootObject = 1B54CC5822026CB400CB0FE9 /* Project object */;
}
